// !$*UTF8*$!
{
	archiveVersion = 1;
	classes = {
	};
	objectVersion = 56;
	objects = {

/* Begin PBXBuildFile section */
		7312418529DD63EB0032F6F8 /* AppDelegate.swift in Sources */ = {isa = PBXBuildFile; fileRef = 7312418429DD63EB0032F6F8 /* AppDelegate.swift */; };
		7312418729DD63EB0032F6F8 /* SceneDelegate.swift in Sources */ = {isa = PBXBuildFile; fileRef = 7312418629DD63EB0032F6F8 /* SceneDelegate.swift */; };
		7312418929DD63EB0032F6F8 /* ViewController.swift in Sources */ = {isa = PBXBuildFile; fileRef = 7312418829DD63EB0032F6F8 /* ViewController.swift */; };
		7312418C29DD63EB0032F6F8 /* Main.storyboard in Resources */ = {isa = PBXBuildFile; fileRef = 7312418A29DD63EB0032F6F8 /* Main.storyboard */; };
		7312418E29DD63ED0032F6F8 /* Assets.xcassets in Resources */ = {isa = PBXBuildFile; fileRef = 7312418D29DD63ED0032F6F8 /* Assets.xcassets */; };
		7312419129DD63ED0032F6F8 /* LaunchScreen.storyboard in Resources */ = {isa = PBXBuildFile; fileRef = 7312418F29DD63ED0032F6F8 /* LaunchScreen.storyboard */; };
		7312419C29DD63EE0032F6F8 /* RxSwiftUIkitMVVMPracticeTests.swift in Sources */ = {isa = PBXBuildFile; fileRef = 7312419B29DD63EE0032F6F8 /* RxSwiftUIkitMVVMPracticeTests.swift */; };
		731241A629DD63EE0032F6F8 /* RxSwiftUIkitMVVMPracticeUITests.swift in Sources */ = {isa = PBXBuildFile; fileRef = 731241A529DD63EE0032F6F8 /* RxSwiftUIkitMVVMPracticeUITests.swift */; };
		731241A829DD63EE0032F6F8 /* RxSwiftUIkitMVVMPracticeUITestsLaunchTests.swift in Sources */ = {isa = PBXBuildFile; fileRef = 731241A729DD63EE0032F6F8 /* RxSwiftUIkitMVVMPracticeUITestsLaunchTests.swift */; };
/* End PBXBuildFile section */

/* Begin PBXContainerItemProxy section */
		7312419829DD63EE0032F6F8 /* PBXContainerItemProxy */ = {
			isa = PBXContainerItemProxy;
			containerPortal = 7312417929DD63EB0032F6F8 /* Project object */;
			proxyType = 1;
			remoteGlobalIDString = 7312418029DD63EB0032F6F8;
			remoteInfo = RxSwiftUIkitMVVMPractice;
		};
		731241A229DD63EE0032F6F8 /* PBXContainerItemProxy */ = {
			isa = PBXContainerItemProxy;
			containerPortal = 7312417929DD63EB0032F6F8 /* Project object */;
			proxyType = 1;
			remoteGlobalIDString = 7312418029DD63EB0032F6F8;
			remoteInfo = RxSwiftUIkitMVVMPractice;
		};
/* End PBXContainerItemProxy section */

/* Begin PBXFileReference section */
		7312418129DD63EB0032F6F8 /* RxSwiftUIkitMVVMPractice.app */ = {isa = PBXFileReference; explicitFileType = wrapper.application; includeInIndex = 0; path = RxSwiftUIkitMVVMPractice.app; sourceTree = BUILT_PRODUCTS_DIR; };
		7312418429DD63EB0032F6F8 /* AppDelegate.swift */ = {isa = PBXFileReference; lastKnownFileType = sourcecode.swift; path = AppDelegate.swift; sourceTree = "<group>"; };
		7312418629DD63EB0032F6F8 /* SceneDelegate.swift */ = {isa = PBXFileReference; lastKnownFileType = sourcecode.swift; path = SceneDelegate.swift; sourceTree = "<group>"; };
		7312418829DD63EB0032F6F8 /* ViewController.swift */ = {isa = PBXFileReference; lastKnownFileType = sourcecode.swift; path = ViewController.swift; sourceTree = "<group>"; };
		7312418B29DD63EB0032F6F8 /* Base */ = {isa = PBXFileReference; lastKnownFileType = file.storyboard; name = Base; path = Base.lproj/Main.storyboard; sourceTree = "<group>"; };
		7312418D29DD63ED0032F6F8 /* Assets.xcassets */ = {isa = PBXFileReference; lastKnownFileType = folder.assetcatalog; path = Assets.xcassets; sourceTree = "<group>"; };
		7312419029DD63ED0032F6F8 /* Base */ = {isa = PBXFileReference; lastKnownFileType = file.storyboard; name = Base; path = Base.lproj/LaunchScreen.storyboard; sourceTree = "<group>"; };
		7312419229DD63ED0032F6F8 /* Info.plist */ = {isa = PBXFileReference; lastKnownFileType = text.plist.xml; path = Info.plist; sourceTree = "<group>"; };
		7312419729DD63EE0032F6F8 /* RxSwiftUIkitMVVMPracticeTests.xctest */ = {isa = PBXFileReference; explicitFileType = wrapper.cfbundle; includeInIndex = 0; path = RxSwiftUIkitMVVMPracticeTests.xctest; sourceTree = BUILT_PRODUCTS_DIR; };
		7312419B29DD63EE0032F6F8 /* RxSwiftUIkitMVVMPracticeTests.swift */ = {isa = PBXFileReference; lastKnownFileType = sourcecode.swift; path = RxSwiftUIkitMVVMPracticeTests.swift; sourceTree = "<group>"; };
		731241A129DD63EE0032F6F8 /* RxSwiftUIkitMVVMPracticeUITests.xctest */ = {isa = PBXFileReference; explicitFileType = wrapper.cfbundle; includeInIndex = 0; path = RxSwiftUIkitMVVMPracticeUITests.xctest; sourceTree = BUILT_PRODUCTS_DIR; };
		731241A529DD63EE0032F6F8 /* RxSwiftUIkitMVVMPracticeUITests.swift */ = {isa = PBXFileReference; lastKnownFileType = sourcecode.swift; path = RxSwiftUIkitMVVMPracticeUITests.swift; sourceTree = "<group>"; };
		731241A729DD63EE0032F6F8 /* RxSwiftUIkitMVVMPracticeUITestsLaunchTests.swift */ = {isa = PBXFileReference; lastKnownFileType = sourcecode.swift; path = RxSwiftUIkitMVVMPracticeUITestsLaunchTests.swift; sourceTree = "<group>"; };
/* End PBXFileReference section */

/* Begin PBXFrameworksBuildPhase section */
		7312417E29DD63EB0032F6F8 /* Frameworks */ = {
			isa = PBXFrameworksBuildPhase;
			buildActionMask = 2147483647;
			files = (
			);
			runOnlyForDeploymentPostprocessing = 0;
		};
		7312419429DD63EE0032F6F8 /* Frameworks */ = {
			isa = PBXFrameworksBuildPhase;
			buildActionMask = 2147483647;
			files = (
			);
			runOnlyForDeploymentPostprocessing = 0;
		};
		7312419E29DD63EE0032F6F8 /* Frameworks */ = {
			isa = PBXFrameworksBuildPhase;
			buildActionMask = 2147483647;
			files = (
			);
			runOnlyForDeploymentPostprocessing = 0;
		};
/* End PBXFrameworksBuildPhase section */

/* Begin PBXGroup section */
		7312417829DD63EB0032F6F8 = {
			isa = PBXGroup;
			children = (
				7312418329DD63EB0032F6F8 /* RxSwiftUIkitMVVMPractice */,
				7312419A29DD63EE0032F6F8 /* RxSwiftUIkitMVVMPracticeTests */,
				731241A429DD63EE0032F6F8 /* RxSwiftUIkitMVVMPracticeUITests */,
				7312418229DD63EB0032F6F8 /* Products */,
			);
			sourceTree = "<group>";
		};
		7312418229DD63EB0032F6F8 /* Products */ = {
			isa = PBXGroup;
			children = (
				7312418129DD63EB0032F6F8 /* RxSwiftUIkitMVVMPractice.app */,
				7312419729DD63EE0032F6F8 /* RxSwiftUIkitMVVMPracticeTests.xctest */,
				731241A129DD63EE0032F6F8 /* RxSwiftUIkitMVVMPracticeUITests.xctest */,
			);
			name = Products;
			sourceTree = "<group>";
		};
		7312418329DD63EB0032F6F8 /* RxSwiftUIkitMVVMPractice */ = {
			isa = PBXGroup;
			children = (
				7312418429DD63EB0032F6F8 /* AppDelegate.swift */,
				7312418629DD63EB0032F6F8 /* SceneDelegate.swift */,
				7312418829DD63EB0032F6F8 /* ViewController.swift */,
				7312418A29DD63EB0032F6F8 /* Main.storyboard */,
				7312418D29DD63ED0032F6F8 /* Assets.xcassets */,
				7312418F29DD63ED0032F6F8 /* LaunchScreen.storyboard */,
				7312419229DD63ED0032F6F8 /* Info.plist */,
			);
			path = RxSwiftUIkitMVVMPractice;
			sourceTree = "<group>";
		};
		7312419A29DD63EE0032F6F8 /* RxSwiftUIkitMVVMPracticeTests */ = {
			isa = PBXGroup;
			children = (
				7312419B29DD63EE0032F6F8 /* RxSwiftUIkitMVVMPracticeTests.swift */,
			);
			path = RxSwiftUIkitMVVMPracticeTests;
			sourceTree = "<group>";
		};
		731241A429DD63EE0032F6F8 /* RxSwiftUIkitMVVMPracticeUITests */ = {
			isa = PBXGroup;
			children = (
				731241A529DD63EE0032F6F8 /* RxSwiftUIkitMVVMPracticeUITests.swift */,
				731241A729DD63EE0032F6F8 /* RxSwiftUIkitMVVMPracticeUITestsLaunchTests.swift */,
			);
			path = RxSwiftUIkitMVVMPracticeUITests;
			sourceTree = "<group>";
		};
/* End PBXGroup section */

/* Begin PBXNativeTarget section */
		7312418029DD63EB0032F6F8 /* RxSwiftUIkitMVVMPractice */ = {
			isa = PBXNativeTarget;
			buildConfigurationList = 731241AB29DD63EE0032F6F8 /* Build configuration list for PBXNativeTarget "RxSwiftUIkitMVVMPractice" */;
			buildPhases = (
				7312417D29DD63EB0032F6F8 /* Sources */,
				7312417E29DD63EB0032F6F8 /* Frameworks */,
				7312417F29DD63EB0032F6F8 /* Resources */,
			);
			buildRules = (
			);
			dependencies = (
			);
			name = RxSwiftUIkitMVVMPractice;
			productName = RxSwiftUIkitMVVMPractice;
			productReference = 7312418129DD63EB0032F6F8 /* RxSwiftUIkitMVVMPractice.app */;
			productType = "com.apple.product-type.application";
		};
		7312419629DD63EE0032F6F8 /* RxSwiftUIkitMVVMPracticeTests */ = {
			isa = PBXNativeTarget;
			buildConfigurationList = 731241AE29DD63EE0032F6F8 /* Build configuration list for PBXNativeTarget "RxSwiftUIkitMVVMPracticeTests" */;
			buildPhases = (
				7312419329DD63EE0032F6F8 /* Sources */,
				7312419429DD63EE0032F6F8 /* Frameworks */,
				7312419529DD63EE0032F6F8 /* Resources */,
			);
			buildRules = (
			);
			dependencies = (
				7312419929DD63EE0032F6F8 /* PBXTargetDependency */,
			);
			name = RxSwiftUIkitMVVMPracticeTests;
			productName = RxSwiftUIkitMVVMPracticeTests;
			productReference = 7312419729DD63EE0032F6F8 /* RxSwiftUIkitMVVMPracticeTests.xctest */;
			productType = "com.apple.product-type.bundle.unit-test";
		};
		731241A029DD63EE0032F6F8 /* RxSwiftUIkitMVVMPracticeUITests */ = {
			isa = PBXNativeTarget;
			buildConfigurationList = 731241B129DD63EE0032F6F8 /* Build configuration list for PBXNativeTarget "RxSwiftUIkitMVVMPracticeUITests" */;
			buildPhases = (
				7312419D29DD63EE0032F6F8 /* Sources */,
				7312419E29DD63EE0032F6F8 /* Frameworks */,
				7312419F29DD63EE0032F6F8 /* Resources */,
			);
			buildRules = (
			);
			dependencies = (
				731241A329DD63EE0032F6F8 /* PBXTargetDependency */,
			);
			name = RxSwiftUIkitMVVMPracticeUITests;
			productName = RxSwiftUIkitMVVMPracticeUITests;
			productReference = 731241A129DD63EE0032F6F8 /* RxSwiftUIkitMVVMPracticeUITests.xctest */;
			productType = "com.apple.product-type.bundle.ui-testing";
		};
/* End PBXNativeTarget section */

/* Begin PBXProject section */
		7312417929DD63EB0032F6F8 /* Project object */ = {
			isa = PBXProject;
			attributes = {
				BuildIndependentTargetsInParallel = 1;
				LastSwiftUpdateCheck = 1430;
				LastUpgradeCheck = 1430;
				TargetAttributes = {
					7312418029DD63EB0032F6F8 = {
						CreatedOnToolsVersion = 14.3;
					};
					7312419629DD63EE0032F6F8 = {
						CreatedOnToolsVersion = 14.3;
						TestTargetID = 7312418029DD63EB0032F6F8;
					};
					731241A029DD63EE0032F6F8 = {
						CreatedOnToolsVersion = 14.3;
						TestTargetID = 7312418029DD63EB0032F6F8;
					};
				};
			};
			buildConfigurationList = 7312417C29DD63EB0032F6F8 /* Build configuration list for PBXProject "RxSwiftUIkitMVVMPractice" */;
			compatibilityVersion = "Xcode 14.0";
			developmentRegion = en;
			hasScannedForEncodings = 0;
			knownRegions = (
				en,
				Base,
			);
			mainGroup = 7312417829DD63EB0032F6F8;
			productRefGroup = 7312418229DD63EB0032F6F8 /* Products */;
			projectDirPath = "";
			projectRoot = "";
			targets = (
				7312418029DD63EB0032F6F8 /* RxSwiftUIkitMVVMPractice */,
				7312419629DD63EE0032F6F8 /* RxSwiftUIkitMVVMPracticeTests */,
				731241A029DD63EE0032F6F8 /* RxSwiftUIkitMVVMPracticeUITests */,
			);
		};
/* End PBXProject section */

/* Begin PBXResourcesBuildPhase section */
		7312417F29DD63EB0032F6F8 /* Resources */ = {
			isa = PBXResourcesBuildPhase;
			buildActionMask = 2147483647;
			files = (
				7312419129DD63ED0032F6F8 /* LaunchScreen.storyboard in Resources */,
				7312418E29DD63ED0032F6F8 /* Assets.xcassets in Resources */,
				7312418C29DD63EB0032F6F8 /* Main.storyboard in Resources */,
			);
			runOnlyForDeploymentPostprocessing = 0;
		};
		7312419529DD63EE0032F6F8 /* Resources */ = {
			isa = PBXResourcesBuildPhase;
			buildActionMask = 2147483647;
			files = (
			);
			runOnlyForDeploymentPostprocessing = 0;
		};
		7312419F29DD63EE0032F6F8 /* Resources */ = {
			isa = PBXResourcesBuildPhase;
			buildActionMask = 2147483647;
			files = (
			);
			runOnlyForDeploymentPostprocessing = 0;
		};
/* End PBXResourcesBuildPhase section */

/* Begin PBXSourcesBuildPhase section */
		7312417D29DD63EB0032F6F8 /* Sources */ = {
			isa = PBXSourcesBuildPhase;
			buildActionMask = 2147483647;
			files = (
				7312418929DD63EB0032F6F8 /* ViewController.swift in Sources */,
				7312418529DD63EB0032F6F8 /* AppDelegate.swift in Sources */,
				7312418729DD63EB0032F6F8 /* SceneDelegate.swift in Sources */,
			);
			runOnlyForDeploymentPostprocessing = 0;
		};
		7312419329DD63EE0032F6F8 /* Sources */ = {
			isa = PBXSourcesBuildPhase;
			buildActionMask = 2147483647;
			files = (
				7312419C29DD63EE0032F6F8 /* RxSwiftUIkitMVVMPracticeTests.swift in Sources */,
			);
			runOnlyForDeploymentPostprocessing = 0;
		};
		7312419D29DD63EE0032F6F8 /* Sources */ = {
			isa = PBXSourcesBuildPhase;
			buildActionMask = 2147483647;
			files = (
				731241A829DD63EE0032F6F8 /* RxSwiftUIkitMVVMPracticeUITestsLaunchTests.swift in Sources */,
				731241A629DD63EE0032F6F8 /* RxSwiftUIkitMVVMPracticeUITests.swift in Sources */,
			);
			runOnlyForDeploymentPostprocessing = 0;
		};
/* End PBXSourcesBuildPhase section */

/* Begin PBXTargetDependency section */
		7312419929DD63EE0032F6F8 /* PBXTargetDependency */ = {
			isa = PBXTargetDependency;
			target = 7312418029DD63EB0032F6F8 /* RxSwiftUIkitMVVMPractice */;
			targetProxy = 7312419829DD63EE0032F6F8 /* PBXContainerItemProxy */;
		};
		731241A329DD63EE0032F6F8 /* PBXTargetDependency */ = {
			isa = PBXTargetDependency;
			target = 7312418029DD63EB0032F6F8 /* RxSwiftUIkitMVVMPractice */;
			targetProxy = 731241A229DD63EE0032F6F8 /* PBXContainerItemProxy */;
		};
/* End PBXTargetDependency section */

/* Begin PBXVariantGroup section */
		7312418A29DD63EB0032F6F8 /* Main.storyboard */ = {
			isa = PBXVariantGroup;
			children = (
				7312418B29DD63EB0032F6F8 /* Base */,
			);
			name = Main.storyboard;
			sourceTree = "<group>";
		};
		7312418F29DD63ED0032F6F8 /* LaunchScreen.storyboard */ = {
			isa = PBXVariantGroup;
			children = (
				7312419029DD63ED0032F6F8 /* Base */,
			);
			name = LaunchScreen.storyboard;
			sourceTree = "<group>";
		};
/* End PBXVariantGroup section */

/* Begin XCBuildConfiguration section */
		731241A929DD63EE0032F6F8 /* Debug */ = {
			isa = XCBuildConfiguration;
			buildSettings = {
				ALWAYS_SEARCH_USER_PATHS = NO;
				CLANG_ANALYZER_NONNULL = YES;
				CLANG_ANALYZER_NUMBER_OBJECT_CONVERSION = YES_AGGRESSIVE;
				CLANG_CXX_LANGUAGE_STANDARD = "gnu++20";
				CLANG_ENABLE_MODULES = YES;
				CLANG_ENABLE_OBJC_ARC = YES;
				CLANG_ENABLE_OBJC_WEAK = YES;
				CLANG_WARN_BLOCK_CAPTURE_AUTORELEASING = YES;
				CLANG_WARN_BOOL_CONVERSION = YES;
				CLANG_WARN_COMMA = YES;
				CLANG_WARN_CONSTANT_CONVERSION = YES;
				CLANG_WARN_DEPRECATED_OBJC_IMPLEMENTATIONS = YES;
				CLANG_WARN_DIRECT_OBJC_ISA_USAGE = YES_ERROR;
				CLANG_WARN_DOCUMENTATION_COMMENTS = YES;
				CLANG_WARN_EMPTY_BODY = YES;
				CLANG_WARN_ENUM_CONVERSION = YES;
				CLANG_WARN_INFINITE_RECURSION = YES;
				CLANG_WARN_INT_CONVERSION = YES;
				CLANG_WARN_NON_LITERAL_NULL_CONVERSION = YES;
				CLANG_WARN_OBJC_IMPLICIT_RETAIN_SELF = YES;
				CLANG_WARN_OBJC_LITERAL_CONVERSION = YES;
				CLANG_WARN_OBJC_ROOT_CLASS = YES_ERROR;
				CLANG_WARN_QUOTED_INCLUDE_IN_FRAMEWORK_HEADER = YES;
				CLANG_WARN_RANGE_LOOP_ANALYSIS = YES;
				CLANG_WARN_STRICT_PROTOTYPES = YES;
				CLANG_WARN_SUSPICIOUS_MOVE = YES;
				CLANG_WARN_UNGUARDED_AVAILABILITY = YES_AGGRESSIVE;
				CLANG_WARN_UNREACHABLE_CODE = YES;
				CLANG_WARN__DUPLICATE_METHOD_MATCH = YES;
				COPY_PHASE_STRIP = NO;
				DEBUG_INFORMATION_FORMAT = dwarf;
				ENABLE_STRICT_OBJC_MSGSEND = YES;
				ENABLE_TESTABILITY = YES;
				GCC_C_LANGUAGE_STANDARD = gnu11;
				GCC_DYNAMIC_NO_PIC = NO;
				GCC_NO_COMMON_BLOCKS = YES;
				GCC_OPTIMIZATION_LEVEL = 0;
				GCC_PREPROCESSOR_DEFINITIONS = (
					"DEBUG=1",
					"$(inherited)",
				);
				GCC_WARN_64_TO_32_BIT_CONVERSION = YES;
				GCC_WARN_ABOUT_RETURN_TYPE = YES_ERROR;
				GCC_WARN_UNDECLARED_SELECTOR = YES;
				GCC_WARN_UNINITIALIZED_AUTOS = YES_AGGRESSIVE;
				GCC_WARN_UNUSED_FUNCTION = YES;
				GCC_WARN_UNUSED_VARIABLE = YES;
				IPHONEOS_DEPLOYMENT_TARGET = 16.4;
				MTL_ENABLE_DEBUG_INFO = INCLUDE_SOURCE;
				MTL_FAST_MATH = YES;
				ONLY_ACTIVE_ARCH = YES;
				SDKROOT = iphoneos;
				SWIFT_ACTIVE_COMPILATION_CONDITIONS = DEBUG;
				SWIFT_OPTIMIZATION_LEVEL = "-Onone";
			};
			name = Debug;
		};
		731241AA29DD63EE0032F6F8 /* Release */ = {
			isa = XCBuildConfiguration;
			buildSettings = {
				ALWAYS_SEARCH_USER_PATHS = NO;
				CLANG_ANALYZER_NONNULL = YES;
				CLANG_ANALYZER_NUMBER_OBJECT_CONVERSION = YES_AGGRESSIVE;
				CLANG_CXX_LANGUAGE_STANDARD = "gnu++20";
				CLANG_ENABLE_MODULES = YES;
				CLANG_ENABLE_OBJC_ARC = YES;
				CLANG_ENABLE_OBJC_WEAK = YES;
				CLANG_WARN_BLOCK_CAPTURE_AUTORELEASING = YES;
				CLANG_WARN_BOOL_CONVERSION = YES;
				CLANG_WARN_COMMA = YES;
				CLANG_WARN_CONSTANT_CONVERSION = YES;
				CLANG_WARN_DEPRECATED_OBJC_IMPLEMENTATIONS = YES;
				CLANG_WARN_DIRECT_OBJC_ISA_USAGE = YES_ERROR;
				CLANG_WARN_DOCUMENTATION_COMMENTS = YES;
				CLANG_WARN_EMPTY_BODY = YES;
				CLANG_WARN_ENUM_CONVERSION = YES;
				CLANG_WARN_INFINITE_RECURSION = YES;
				CLANG_WARN_INT_CONVERSION = YES;
				CLANG_WARN_NON_LITERAL_NULL_CONVERSION = YES;
				CLANG_WARN_OBJC_IMPLICIT_RETAIN_SELF = YES;
				CLANG_WARN_OBJC_LITERAL_CONVERSION = YES;
				CLANG_WARN_OBJC_ROOT_CLASS = YES_ERROR;
				CLANG_WARN_QUOTED_INCLUDE_IN_FRAMEWORK_HEADER = YES;
				CLANG_WARN_RANGE_LOOP_ANALYSIS = YES;
				CLANG_WARN_STRICT_PROTOTYPES = YES;
				CLANG_WARN_SUSPICIOUS_MOVE = YES;
				CLANG_WARN_UNGUARDED_AVAILABILITY = YES_AGGRESSIVE;
				CLANG_WARN_UNREACHABLE_CODE = YES;
				CLANG_WARN__DUPLICATE_METHOD_MATCH = YES;
				COPY_PHASE_STRIP = NO;
				DEBUG_INFORMATION_FORMAT = "dwarf-with-dsym";
				ENABLE_NS_ASSERTIONS = NO;
				ENABLE_STRICT_OBJC_MSGSEND = YES;
				GCC_C_LANGUAGE_STANDARD = gnu11;
				GCC_NO_COMMON_BLOCKS = YES;
				GCC_WARN_64_TO_32_BIT_CONVERSION = YES;
				GCC_WARN_ABOUT_RETURN_TYPE = YES_ERROR;
				GCC_WARN_UNDECLARED_SELECTOR = YES;
				GCC_WARN_UNINITIALIZED_AUTOS = YES_AGGRESSIVE;
				GCC_WARN_UNUSED_FUNCTION = YES;
				GCC_WARN_UNUSED_VARIABLE = YES;
				IPHONEOS_DEPLOYMENT_TARGET = 16.4;
				MTL_ENABLE_DEBUG_INFO = NO;
				MTL_FAST_MATH = YES;
				SDKROOT = iphoneos;
				SWIFT_COMPILATION_MODE = wholemodule;
				SWIFT_OPTIMIZATION_LEVEL = "-O";
				VALIDATE_PRODUCT = YES;
			};
			name = Release;
		};
		731241AC29DD63EE0032F6F8 /* Debug */ = {
			isa = XCBuildConfiguration;
			buildSettings = {
				ASSETCATALOG_COMPILER_APPICON_NAME = AppIcon;
				ASSETCATALOG_COMPILER_GLOBAL_ACCENT_COLOR_NAME = AccentColor;
				CODE_SIGN_STYLE = Automatic;
				CURRENT_PROJECT_VERSION = 1;
				DEVELOPMENT_TEAM = 7L7CZY9WNN;
				GENERATE_INFOPLIST_FILE = YES;
				INFOPLIST_FILE = RxSwiftUIkitMVVMPractice/Info.plist;
				INFOPLIST_KEY_UIApplicationSupportsIndirectInputEvents = YES;
				INFOPLIST_KEY_UILaunchStoryboardName = LaunchScreen;
				INFOPLIST_KEY_UIMainStoryboardFile = Main;
				INFOPLIST_KEY_UISupportedInterfaceOrientations_iPad = "UIInterfaceOrientationPortrait UIInterfaceOrientationPortraitUpsideDown UIInterfaceOrientationLandscapeLeft UIInterfaceOrientationLandscapeRight";
				INFOPLIST_KEY_UISupportedInterfaceOrientations_iPhone = "UIInterfaceOrientationPortrait UIInterfaceOrientationLandscapeLeft UIInterfaceOrientationLandscapeRight";
				LD_RUNPATH_SEARCH_PATHS = (
					"$(inherited)",
					"@executable_path/Frameworks",
				);
				MARKETING_VERSION = 1.0;
				PRODUCT_BUNDLE_IDENTIFIER = com.minwoo.RxSwiftUIkitMVVMPractice;
				PRODUCT_NAME = "$(TARGET_NAME)";
				SWIFT_EMIT_LOC_STRINGS = YES;
				SWIFT_VERSION = 5.0;
				TARGETED_DEVICE_FAMILY = "1,2";
			};
			name = Debug;
		};
		731241AD29DD63EE0032F6F8 /* Release */ = {
			isa = XCBuildConfiguration;
			buildSettings = {
				ASSETCATALOG_COMPILER_APPICON_NAME = AppIcon;
				ASSETCATALOG_COMPILER_GLOBAL_ACCENT_COLOR_NAME = AccentColor;
				CODE_SIGN_STYLE = Automatic;
				CURRENT_PROJECT_VERSION = 1;
				DEVELOPMENT_TEAM = 7L7CZY9WNN;
				GENERATE_INFOPLIST_FILE = YES;
				INFOPLIST_FILE = RxSwiftUIkitMVVMPractice/Info.plist;
				INFOPLIST_KEY_UIApplicationSupportsIndirectInputEvents = YES;
				INFOPLIST_KEY_UILaunchStoryboardName = LaunchScreen;
				INFOPLIST_KEY_UIMainStoryboardFile = Main;
				INFOPLIST_KEY_UISupportedInterfaceOrientations_iPad = "UIInterfaceOrientationPortrait UIInterfaceOrientationPortraitUpsideDown UIInterfaceOrientationLandscapeLeft UIInterfaceOrientationLandscapeRight";
				INFOPLIST_KEY_UISupportedInterfaceOrientations_iPhone = "UIInterfaceOrientationPortrait UIInterfaceOrientationLandscapeLeft UIInterfaceOrientationLandscapeRight";
				LD_RUNPATH_SEARCH_PATHS = (
					"$(inherited)",
					"@executable_path/Frameworks",
				);
				MARKETING_VERSION = 1.0;
				PRODUCT_BUNDLE_IDENTIFIER = com.minwoo.RxSwiftUIkitMVVMPractice;
				PRODUCT_NAME = "$(TARGET_NAME)";
				SWIFT_EMIT_LOC_STRINGS = YES;
				SWIFT_VERSION = 5.0;
				TARGETED_DEVICE_FAMILY = "1,2";
			};
			name = Release;
		};
		731241AF29DD63EE0032F6F8 /* Debug */ = {
			isa = XCBuildConfiguration;
			buildSettings = {
				ALWAYS_EMBED_SWIFT_STANDARD_LIBRARIES = YES;
				BUNDLE_LOADER = "$(TEST_HOST)";
				CODE_SIGN_STYLE = Automatic;
				CURRENT_PROJECT_VERSION = 1;
				DEVELOPMENT_TEAM = 7L7CZY9WNN;
				GENERATE_INFOPLIST_FILE = YES;
				IPHONEOS_DEPLOYMENT_TARGET = 16.4;
				MARKETING_VERSION = 1.0;
				PRODUCT_BUNDLE_IDENTIFIER = com.minwoo.RxSwiftUIkitMVVMPracticeTests;
				PRODUCT_NAME = "$(TARGET_NAME)";
				SWIFT_EMIT_LOC_STRINGS = NO;
				SWIFT_VERSION = 5.0;
				TARGETED_DEVICE_FAMILY = "1,2";
				TEST_HOST = "$(BUILT_PRODUCTS_DIR)/RxSwiftUIkitMVVMPractice.app/$(BUNDLE_EXECUTABLE_FOLDER_PATH)/RxSwiftUIkitMVVMPractice";
			};
			name = Debug;
		};
		731241B029DD63EE0032F6F8 /* Release */ = {
			isa = XCBuildConfiguration;
			buildSettings = {
				ALWAYS_EMBED_SWIFT_STANDARD_LIBRARIES = YES;
				BUNDLE_LOADER = "$(TEST_HOST)";
				CODE_SIGN_STYLE = Automatic;
				CURRENT_PROJECT_VERSION = 1;
				DEVELOPMENT_TEAM = 7L7CZY9WNN;
				GENERATE_INFOPLIST_FILE = YES;
				IPHONEOS_DEPLOYMENT_TARGET = 16.4;
				MARKETING_VERSION = 1.0;
				PRODUCT_BUNDLE_IDENTIFIER = com.minwoo.RxSwiftUIkitMVVMPracticeTests;
				PRODUCT_NAME = "$(TARGET_NAME)";
				SWIFT_EMIT_LOC_STRINGS = NO;
				SWIFT_VERSION = 5.0;
				TARGETED_DEVICE_FAMILY = "1,2";
				TEST_HOST = "$(BUILT_PRODUCTS_DIR)/RxSwiftUIkitMVVMPractice.app/$(BUNDLE_EXECUTABLE_FOLDER_PATH)/RxSwiftUIkitMVVMPractice";
			};
			name = Release;
		};
		731241B229DD63EE0032F6F8 /* Debug */ = {
			isa = XCBuildConfiguration;
			buildSettings = {
				ALWAYS_EMBED_SWIFT_STANDARD_LIBRARIES = YES;
				CODE_SIGN_STYLE = Automatic;
				CURRENT_PROJECT_VERSION = 1;
				DEVELOPMENT_TEAM = 7L7CZY9WNN;
				GENERATE_INFOPLIST_FILE = YES;
				MARKETING_VERSION = 1.0;
				PRODUCT_BUNDLE_IDENTIFIER = com.minwoo.RxSwiftUIkitMVVMPracticeUITests;
				PRODUCT_NAME = "$(TARGET_NAME)";
				SWIFT_EMIT_LOC_STRINGS = NO;
				SWIFT_VERSION = 5.0;
				TARGETED_DEVICE_FAMILY = "1,2";
				TEST_TARGET_NAME = RxSwiftUIkitMVVMPractice;
			};
			name = Debug;
		};
		731241B329DD63EE0032F6F8 /* Release */ = {
			isa = XCBuildConfiguration;
			buildSettings = {
				ALWAYS_EMBED_SWIFT_STANDARD_LIBRARIES = YES;
				CODE_SIGN_STYLE = Automatic;
				CURRENT_PROJECT_VERSION = 1;
				DEVELOPMENT_TEAM = 7L7CZY9WNN;
				GENERATE_INFOPLIST_FILE = YES;
				MARKETING_VERSION = 1.0;
				PRODUCT_BUNDLE_IDENTIFIER = com.minwoo.RxSwiftUIkitMVVMPracticeUITests;
				PRODUCT_NAME = "$(TARGET_NAME)";
				SWIFT_EMIT_LOC_STRINGS = NO;
				SWIFT_VERSION = 5.0;
				TARGETED_DEVICE_FAMILY = "1,2";
				TEST_TARGET_NAME = RxSwiftUIkitMVVMPractice;
			};
			name = Release;
		};
/* End XCBuildConfiguration section */

/* Begin XCConfigurationList section */
		7312417C29DD63EB0032F6F8 /* Build configuration list for PBXProject "RxSwiftUIkitMVVMPractice" */ = {
			isa = XCConfigurationList;
			buildConfigurations = (
				731241A929DD63EE0032F6F8 /* Debug */,
				731241AA29DD63EE0032F6F8 /* Release */,
			);
			defaultConfigurationIsVisible = 0;
			defaultConfigurationName = Release;
		};
		731241AB29DD63EE0032F6F8 /* Build configuration list for PBXNativeTarget "RxSwiftUIkitMVVMPractice" */ = {
			isa = XCConfigurationList;
			buildConfigurations = (
				731241AC29DD63EE0032F6F8 /* Debug */,
				731241AD29DD63EE0032F6F8 /* Release */,
			);
			defaultConfigurationIsVisible = 0;
			defaultConfigurationName = Release;
		};
		731241AE29DD63EE0032F6F8 /* Build configuration list for PBXNativeTarget "RxSwiftUIkitMVVMPracticeTests" */ = {
			isa = XCConfigurationList;
			buildConfigurations = (
				731241AF29DD63EE0032F6F8 /* Debug */,
				731241B029DD63EE0032F6F8 /* Release */,
			);
			defaultConfigurationIsVisible = 0;
			defaultConfigurationName = Release;
		};
		731241B129DD63EE0032F6F8 /* Build configuration list for PBXNativeTarget "RxSwiftUIkitMVVMPracticeUITests" */ = {
			isa = XCConfigurationList;
			buildConfigurations = (
				731241B229DD63EE0032F6F8 /* Debug */,
				731241B329DD63EE0032F6F8 /* Release */,
			);
			defaultConfigurationIsVisible = 0;
			defaultConfigurationName = Release;
		};
/* End XCConfigurationList section */
	};
	rootObject = 7312417929DD63EB0032F6F8 /* Project object */;
}
