// !$*UTF8*$!
{
	archiveVersion = 1;
	classes = {
	};
	objectVersion = 56;
	objects = {

/* Begin PBXBuildFile section */
		438838ADBB01528BC441C28F /* Pods_RxSwiftUIkitMVVMPractice_RxSwiftUIkitMVVMPracticeUITests.framework in Frameworks */ = {isa = PBXBuildFile; fileRef = CE508362FCF79090B579111F /* Pods_RxSwiftUIkitMVVMPractice_RxSwiftUIkitMVVMPracticeUITests.framework */; };
		467A9F4A22998B8DC7EA2BD2 /* Pods_RxSwiftUIkitMVVMPractice.framework in Frameworks */ = {isa = PBXBuildFile; fileRef = 1C65A569A82B0645E12E4619 /* Pods_RxSwiftUIkitMVVMPractice.framework */; };
		7312418529DD63EB0032F6F8 /* AppDelegate.swift in Sources */ = {isa = PBXBuildFile; fileRef = 7312418429DD63EB0032F6F8 /* AppDelegate.swift */; };
		7312418729DD63EB0032F6F8 /* SceneDelegate.swift in Sources */ = {isa = PBXBuildFile; fileRef = 7312418629DD63EB0032F6F8 /* SceneDelegate.swift */; };
		7312418C29DD63EB0032F6F8 /* Main.storyboard in Resources */ = {isa = PBXBuildFile; fileRef = 7312418A29DD63EB0032F6F8 /* Main.storyboard */; };
		7312418E29DD63ED0032F6F8 /* Assets.xcassets in Resources */ = {isa = PBXBuildFile; fileRef = 7312418D29DD63ED0032F6F8 /* Assets.xcassets */; };
		7312419129DD63ED0032F6F8 /* LaunchScreen.storyboard in Resources */ = {isa = PBXBuildFile; fileRef = 7312418F29DD63ED0032F6F8 /* LaunchScreen.storyboard */; };
		7312419C29DD63EE0032F6F8 /* RxSwiftUIkitMVVMPracticeTests.swift in Sources */ = {isa = PBXBuildFile; fileRef = 7312419B29DD63EE0032F6F8 /* RxSwiftUIkitMVVMPracticeTests.swift */; };
		731241A629DD63EE0032F6F8 /* RxSwiftUIkitMVVMPracticeUITests.swift in Sources */ = {isa = PBXBuildFile; fileRef = 731241A529DD63EE0032F6F8 /* RxSwiftUIkitMVVMPracticeUITests.swift */; };
		731241A829DD63EE0032F6F8 /* RxSwiftUIkitMVVMPracticeUITestsLaunchTests.swift in Sources */ = {isa = PBXBuildFile; fileRef = 731241A729DD63EE0032F6F8 /* RxSwiftUIkitMVVMPracticeUITestsLaunchTests.swift */; };
		731241B629DD64910032F6F8 /* RootController.swift in Sources */ = {isa = PBXBuildFile; fileRef = 731241B529DD64910032F6F8 /* RootController.swift */; };
		731241BC29DD6B720032F6F8 /* Upbit.swift in Sources */ = {isa = PBXBuildFile; fileRef = 731241BB29DD6B720032F6F8 /* Upbit.swift */; };
		731241BE29DD6BB50032F6F8 /* UpbitRestApiService.swift in Sources */ = {isa = PBXBuildFile; fileRef = 731241BD29DD6BB50032F6F8 /* UpbitRestApiService.swift */; };
		731241C329DD70BB0032F6F8 /* RootViewModel.swift in Sources */ = {isa = PBXBuildFile; fileRef = 731241C229DD70BB0032F6F8 /* RootViewModel.swift */; };
		731241C629DD8EC30032F6F8 /* TickerCell.swift in Sources */ = {isa = PBXBuildFile; fileRef = 731241C529DD8EC30032F6F8 /* TickerCell.swift */; };
		731241C829DD91A10032F6F8 /* TickerViewModel.swift in Sources */ = {isa = PBXBuildFile; fileRef = 731241C729DD91A10032F6F8 /* TickerViewModel.swift */; };
		731241CB29DD9C5F0032F6F8 /* UIView.swift in Sources */ = {isa = PBXBuildFile; fileRef = 731241CA29DD9C5F0032F6F8 /* UIView.swift */; };
		736AE03F29EAF094003FC7D1 /* RootHeader.swift in Sources */ = {isa = PBXBuildFile; fileRef = 736AE03E29EAF094003FC7D1 /* RootHeader.swift */; };
		736AE05A29F26036003FC7D1 /* ChatController.swift in Sources */ = {isa = PBXBuildFile; fileRef = 736AE05929F26036003FC7D1 /* ChatController.swift */; };
		736AE05C29F26075003FC7D1 /* ProfileController.swift in Sources */ = {isa = PBXBuildFile; fileRef = 736AE05B29F26075003FC7D1 /* ProfileController.swift */; };
		736AE05E29F260D9003FC7D1 /* MainTabController.swift in Sources */ = {isa = PBXBuildFile; fileRef = 736AE05D29F260D9003FC7D1 /* MainTabController.swift */; };
		736AE06029F27753003FC7D1 /* ChatCell.swift in Sources */ = {isa = PBXBuildFile; fileRef = 736AE05F29F27753003FC7D1 /* ChatCell.swift */; };
		736AE06229F3C322003FC7D1 /* ProfileHeader.swift in Sources */ = {isa = PBXBuildFile; fileRef = 736AE06129F3C322003FC7D1 /* ProfileHeader.swift */; };
		736AE06429F3C4B3003FC7D1 /* ProfileViewModel.swift in Sources */ = {isa = PBXBuildFile; fileRef = 736AE06329F3C4B3003FC7D1 /* ProfileViewModel.swift */; };
		736AE06629F3C4E5003FC7D1 /* ProfileHeaderViewModel.swift in Sources */ = {isa = PBXBuildFile; fileRef = 736AE06529F3C4E5003FC7D1 /* ProfileHeaderViewModel.swift */; };
		736AE06829F3CB71003FC7D1 /* ProfileCell.swift in Sources */ = {isa = PBXBuildFile; fileRef = 736AE06729F3CB70003FC7D1 /* ProfileCell.swift */; };
		737DEF1C29FA6EC5008C8EE0 /* .gitignore in Resources */ = {isa = PBXBuildFile; fileRef = 737DEF1B29FA6EC5008C8EE0 /* .gitignore */; };
		737DEF2329FA730B008C8EE0 /* GoogleService-Info.plist in Resources */ = {isa = PBXBuildFile; fileRef = 737DEF2229FA730B008C8EE0 /* GoogleService-Info.plist */; };
		737DEF2629FA739C008C8EE0 /* FirebaseAnalytics in Frameworks */ = {isa = PBXBuildFile; productRef = 737DEF2529FA739C008C8EE0 /* FirebaseAnalytics */; };
		737DEF2829FA739C008C8EE0 /* FirebaseAuth in Frameworks */ = {isa = PBXBuildFile; productRef = 737DEF2729FA739C008C8EE0 /* FirebaseAuth */; };
		737DEF2A29FA739C008C8EE0 /* FirebaseDatabase in Frameworks */ = {isa = PBXBuildFile; productRef = 737DEF2929FA739C008C8EE0 /* FirebaseDatabase */; };
		737DEF2C29FA739C008C8EE0 /* FirebaseFirestore in Frameworks */ = {isa = PBXBuildFile; productRef = 737DEF2B29FA739C008C8EE0 /* FirebaseFirestore */; };
		737DEF2E29FA739C008C8EE0 /* FirebaseMessaging in Frameworks */ = {isa = PBXBuildFile; productRef = 737DEF2D29FA739C008C8EE0 /* FirebaseMessaging */; };
		737DEF3029FA739C008C8EE0 /* FirebaseStorage in Frameworks */ = {isa = PBXBuildFile; productRef = 737DEF2F29FA739C008C8EE0 /* FirebaseStorage */; };
		99A05B760CF7AD4388DCB2B8 /* Pods_RxSwiftUIkitMVVMPracticeTests.framework in Frameworks */ = {isa = PBXBuildFile; fileRef = 475A5F4022ACCC2962B31E11 /* Pods_RxSwiftUIkitMVVMPracticeTests.framework */; };
/* End PBXBuildFile section */

/* Begin PBXContainerItemProxy section */
		7312419829DD63EE0032F6F8 /* PBXContainerItemProxy */ = {
			isa = PBXContainerItemProxy;
			containerPortal = 7312417929DD63EB0032F6F8 /* Project object */;
			proxyType = 1;
			remoteGlobalIDString = 7312418029DD63EB0032F6F8;
			remoteInfo = RxSwiftUIkitMVVMPractice;
		};
		731241A229DD63EE0032F6F8 /* PBXContainerItemProxy */ = {
			isa = PBXContainerItemProxy;
			containerPortal = 7312417929DD63EB0032F6F8 /* Project object */;
			proxyType = 1;
			remoteGlobalIDString = 7312418029DD63EB0032F6F8;
			remoteInfo = RxSwiftUIkitMVVMPractice;
		};
/* End PBXContainerItemProxy section */

/* Begin PBXFileReference section */
		1C65A569A82B0645E12E4619 /* Pods_RxSwiftUIkitMVVMPractice.framework */ = {isa = PBXFileReference; explicitFileType = wrapper.framework; includeInIndex = 0; path = Pods_RxSwiftUIkitMVVMPractice.framework; sourceTree = BUILT_PRODUCTS_DIR; };
		368D8ED61B69F8997C72426D /* Pods-RxSwiftUIkitMVVMPracticeTests.debug.xcconfig */ = {isa = PBXFileReference; includeInIndex = 1; lastKnownFileType = text.xcconfig; name = "Pods-RxSwiftUIkitMVVMPracticeTests.debug.xcconfig"; path = "Target Support Files/Pods-RxSwiftUIkitMVVMPracticeTests/Pods-RxSwiftUIkitMVVMPracticeTests.debug.xcconfig"; sourceTree = "<group>"; };
		475A5F4022ACCC2962B31E11 /* Pods_RxSwiftUIkitMVVMPracticeTests.framework */ = {isa = PBXFileReference; explicitFileType = wrapper.framework; includeInIndex = 0; path = Pods_RxSwiftUIkitMVVMPracticeTests.framework; sourceTree = BUILT_PRODUCTS_DIR; };
		52DDD7722E41C73B91B9F361 /* Pods-RxSwiftUIkitMVVMPractice-RxSwiftUIkitMVVMPracticeUITests.release.xcconfig */ = {isa = PBXFileReference; includeInIndex = 1; lastKnownFileType = text.xcconfig; name = "Pods-RxSwiftUIkitMVVMPractice-RxSwiftUIkitMVVMPracticeUITests.release.xcconfig"; path = "Target Support Files/Pods-RxSwiftUIkitMVVMPractice-RxSwiftUIkitMVVMPracticeUITests/Pods-RxSwiftUIkitMVVMPractice-RxSwiftUIkitMVVMPracticeUITests.release.xcconfig"; sourceTree = "<group>"; };
		7312418129DD63EB0032F6F8 /* RxSwiftUIkitMVVMPractice.app */ = {isa = PBXFileReference; explicitFileType = wrapper.application; includeInIndex = 0; path = RxSwiftUIkitMVVMPractice.app; sourceTree = BUILT_PRODUCTS_DIR; };
		7312418429DD63EB0032F6F8 /* AppDelegate.swift */ = {isa = PBXFileReference; lastKnownFileType = sourcecode.swift; path = AppDelegate.swift; sourceTree = "<group>"; };
		7312418629DD63EB0032F6F8 /* SceneDelegate.swift */ = {isa = PBXFileReference; lastKnownFileType = sourcecode.swift; path = SceneDelegate.swift; sourceTree = "<group>"; };
		7312418B29DD63EB0032F6F8 /* Base */ = {isa = PBXFileReference; lastKnownFileType = file.storyboard; name = Base; path = Base.lproj/Main.storyboard; sourceTree = "<group>"; };
		7312418D29DD63ED0032F6F8 /* Assets.xcassets */ = {isa = PBXFileReference; lastKnownFileType = folder.assetcatalog; path = Assets.xcassets; sourceTree = "<group>"; };
		7312419029DD63ED0032F6F8 /* Base */ = {isa = PBXFileReference; lastKnownFileType = file.storyboard; name = Base; path = Base.lproj/LaunchScreen.storyboard; sourceTree = "<group>"; };
		7312419229DD63ED0032F6F8 /* Info.plist */ = {isa = PBXFileReference; lastKnownFileType = text.plist.xml; path = Info.plist; sourceTree = "<group>"; };
		7312419729DD63EE0032F6F8 /* RxSwiftUIkitMVVMPracticeTests.xctest */ = {isa = PBXFileReference; explicitFileType = wrapper.cfbundle; includeInIndex = 0; path = RxSwiftUIkitMVVMPracticeTests.xctest; sourceTree = BUILT_PRODUCTS_DIR; };
		7312419B29DD63EE0032F6F8 /* RxSwiftUIkitMVVMPracticeTests.swift */ = {isa = PBXFileReference; lastKnownFileType = sourcecode.swift; path = RxSwiftUIkitMVVMPracticeTests.swift; sourceTree = "<group>"; };
		731241A129DD63EE0032F6F8 /* RxSwiftUIkitMVVMPracticeUITests.xctest */ = {isa = PBXFileReference; explicitFileType = wrapper.cfbundle; includeInIndex = 0; path = RxSwiftUIkitMVVMPracticeUITests.xctest; sourceTree = BUILT_PRODUCTS_DIR; };
		731241A529DD63EE0032F6F8 /* RxSwiftUIkitMVVMPracticeUITests.swift */ = {isa = PBXFileReference; lastKnownFileType = sourcecode.swift; path = RxSwiftUIkitMVVMPracticeUITests.swift; sourceTree = "<group>"; };
		731241A729DD63EE0032F6F8 /* RxSwiftUIkitMVVMPracticeUITestsLaunchTests.swift */ = {isa = PBXFileReference; lastKnownFileType = sourcecode.swift; path = RxSwiftUIkitMVVMPracticeUITestsLaunchTests.swift; sourceTree = "<group>"; };
		731241B529DD64910032F6F8 /* RootController.swift */ = {isa = PBXFileReference; lastKnownFileType = sourcecode.swift; path = RootController.swift; sourceTree = "<group>"; };
		731241BB29DD6B720032F6F8 /* Upbit.swift */ = {isa = PBXFileReference; lastKnownFileType = sourcecode.swift; path = Upbit.swift; sourceTree = "<group>"; };
		731241BD29DD6BB50032F6F8 /* UpbitRestApiService.swift */ = {isa = PBXFileReference; lastKnownFileType = sourcecode.swift; path = UpbitRestApiService.swift; sourceTree = "<group>"; };
		731241C229DD70BB0032F6F8 /* RootViewModel.swift */ = {isa = PBXFileReference; lastKnownFileType = sourcecode.swift; path = RootViewModel.swift; sourceTree = "<group>"; };
		731241C529DD8EC30032F6F8 /* TickerCell.swift */ = {isa = PBXFileReference; lastKnownFileType = sourcecode.swift; path = TickerCell.swift; sourceTree = "<group>"; };
		731241C729DD91A10032F6F8 /* TickerViewModel.swift */ = {isa = PBXFileReference; lastKnownFileType = sourcecode.swift; path = TickerViewModel.swift; sourceTree = "<group>"; };
		731241CA29DD9C5F0032F6F8 /* UIView.swift */ = {isa = PBXFileReference; lastKnownFileType = sourcecode.swift; path = UIView.swift; sourceTree = "<group>"; };
		736AE03E29EAF094003FC7D1 /* RootHeader.swift */ = {isa = PBXFileReference; lastKnownFileType = sourcecode.swift; path = RootHeader.swift; sourceTree = "<group>"; };
		736AE05929F26036003FC7D1 /* ChatController.swift */ = {isa = PBXFileReference; lastKnownFileType = sourcecode.swift; path = ChatController.swift; sourceTree = "<group>"; };
		736AE05B29F26075003FC7D1 /* ProfileController.swift */ = {isa = PBXFileReference; lastKnownFileType = sourcecode.swift; path = ProfileController.swift; sourceTree = "<group>"; };
		736AE05D29F260D9003FC7D1 /* MainTabController.swift */ = {isa = PBXFileReference; lastKnownFileType = sourcecode.swift; path = MainTabController.swift; sourceTree = "<group>"; };
		736AE05F29F27753003FC7D1 /* ChatCell.swift */ = {isa = PBXFileReference; lastKnownFileType = sourcecode.swift; path = ChatCell.swift; sourceTree = "<group>"; };
		736AE06129F3C322003FC7D1 /* ProfileHeader.swift */ = {isa = PBXFileReference; lastKnownFileType = sourcecode.swift; path = ProfileHeader.swift; sourceTree = "<group>"; };
		736AE06329F3C4B3003FC7D1 /* ProfileViewModel.swift */ = {isa = PBXFileReference; lastKnownFileType = sourcecode.swift; path = ProfileViewModel.swift; sourceTree = "<group>"; };
		736AE06529F3C4E5003FC7D1 /* ProfileHeaderViewModel.swift */ = {isa = PBXFileReference; lastKnownFileType = sourcecode.swift; path = ProfileHeaderViewModel.swift; sourceTree = "<group>"; };
		736AE06729F3CB70003FC7D1 /* ProfileCell.swift */ = {isa = PBXFileReference; lastKnownFileType = sourcecode.swift; path = ProfileCell.swift; sourceTree = "<group>"; };
		737DEF1B29FA6EC5008C8EE0 /* .gitignore */ = {isa = PBXFileReference; lastKnownFileType = text; path = .gitignore; sourceTree = "<group>"; };
		737DEF2229FA730B008C8EE0 /* GoogleService-Info.plist */ = {isa = PBXFileReference; fileEncoding = 4; lastKnownFileType = text.plist.xml; name = "GoogleService-Info.plist"; path = "../../../../Downloads/GoogleService-Info.plist"; sourceTree = "<group>"; };
		8A3C5F49225026F06F928E8A /* Pods-RxSwiftUIkitMVVMPractice.debug.xcconfig */ = {isa = PBXFileReference; includeInIndex = 1; lastKnownFileType = text.xcconfig; name = "Pods-RxSwiftUIkitMVVMPractice.debug.xcconfig"; path = "Target Support Files/Pods-RxSwiftUIkitMVVMPractice/Pods-RxSwiftUIkitMVVMPractice.debug.xcconfig"; sourceTree = "<group>"; };
		97A3DBFCF8A0AF6DD95753EF /* Pods-RxSwiftUIkitMVVMPractice.release.xcconfig */ = {isa = PBXFileReference; includeInIndex = 1; lastKnownFileType = text.xcconfig; name = "Pods-RxSwiftUIkitMVVMPractice.release.xcconfig"; path = "Target Support Files/Pods-RxSwiftUIkitMVVMPractice/Pods-RxSwiftUIkitMVVMPractice.release.xcconfig"; sourceTree = "<group>"; };
		9B6BA3153C86FE2E09D593FE /* Pods-RxSwiftUIkitMVVMPractice-RxSwiftUIkitMVVMPracticeUITests.debug.xcconfig */ = {isa = PBXFileReference; includeInIndex = 1; lastKnownFileType = text.xcconfig; name = "Pods-RxSwiftUIkitMVVMPractice-RxSwiftUIkitMVVMPracticeUITests.debug.xcconfig"; path = "Target Support Files/Pods-RxSwiftUIkitMVVMPractice-RxSwiftUIkitMVVMPracticeUITests/Pods-RxSwiftUIkitMVVMPractice-RxSwiftUIkitMVVMPracticeUITests.debug.xcconfig"; sourceTree = "<group>"; };
		CE508362FCF79090B579111F /* Pods_RxSwiftUIkitMVVMPractice_RxSwiftUIkitMVVMPracticeUITests.framework */ = {isa = PBXFileReference; explicitFileType = wrapper.framework; includeInIndex = 0; path = Pods_RxSwiftUIkitMVVMPractice_RxSwiftUIkitMVVMPracticeUITests.framework; sourceTree = BUILT_PRODUCTS_DIR; };
		FB5362255B373B853F6263FE /* Pods-RxSwiftUIkitMVVMPracticeTests.release.xcconfig */ = {isa = PBXFileReference; includeInIndex = 1; lastKnownFileType = text.xcconfig; name = "Pods-RxSwiftUIkitMVVMPracticeTests.release.xcconfig"; path = "Target Support Files/Pods-RxSwiftUIkitMVVMPracticeTests/Pods-RxSwiftUIkitMVVMPracticeTests.release.xcconfig"; sourceTree = "<group>"; };
/* End PBXFileReference section */

/* Begin PBXFrameworksBuildPhase section */
		7312417E29DD63EB0032F6F8 /* Frameworks */ = {
			isa = PBXFrameworksBuildPhase;
			buildActionMask = 2147483647;
			files = (
				737DEF2E29FA739C008C8EE0 /* FirebaseMessaging in Frameworks */,
				737DEF2629FA739C008C8EE0 /* FirebaseAnalytics in Frameworks */,
				737DEF2829FA739C008C8EE0 /* FirebaseAuth in Frameworks */,
				737DEF2A29FA739C008C8EE0 /* FirebaseDatabase in Frameworks */,
				737DEF3029FA739C008C8EE0 /* FirebaseStorage in Frameworks */,
				737DEF2C29FA739C008C8EE0 /* FirebaseFirestore in Frameworks */,
				467A9F4A22998B8DC7EA2BD2 /* Pods_RxSwiftUIkitMVVMPractice.framework in Frameworks */,
			);
			runOnlyForDeploymentPostprocessing = 0;
		};
		7312419429DD63EE0032F6F8 /* Frameworks */ = {
			isa = PBXFrameworksBuildPhase;
			buildActionMask = 2147483647;
			files = (
				99A05B760CF7AD4388DCB2B8 /* Pods_RxSwiftUIkitMVVMPracticeTests.framework in Frameworks */,
			);
			runOnlyForDeploymentPostprocessing = 0;
		};
		7312419E29DD63EE0032F6F8 /* Frameworks */ = {
			isa = PBXFrameworksBuildPhase;
			buildActionMask = 2147483647;
			files = (
				438838ADBB01528BC441C28F /* Pods_RxSwiftUIkitMVVMPractice_RxSwiftUIkitMVVMPracticeUITests.framework in Frameworks */,
			);
			runOnlyForDeploymentPostprocessing = 0;
		};
/* End PBXFrameworksBuildPhase section */

/* Begin PBXGroup section */
		7312417829DD63EB0032F6F8 = {
			isa = PBXGroup;
			children = (
				737DEF1B29FA6EC5008C8EE0 /* .gitignore */,
				7312418329DD63EB0032F6F8 /* RxSwiftUIkitMVVMPractice */,
				7312419A29DD63EE0032F6F8 /* RxSwiftUIkitMVVMPracticeTests */,
				731241A429DD63EE0032F6F8 /* RxSwiftUIkitMVVMPracticeUITests */,
				7312418229DD63EB0032F6F8 /* Products */,
				BB86B1BC7257E57F4BDB6B4F /* Pods */,
				C997AFDFD7368D2C8E2DC2B3 /* Frameworks */,
			);
			sourceTree = "<group>";
		};
		7312418229DD63EB0032F6F8 /* Products */ = {
			isa = PBXGroup;
			children = (
				7312418129DD63EB0032F6F8 /* RxSwiftUIkitMVVMPractice.app */,
				7312419729DD63EE0032F6F8 /* RxSwiftUIkitMVVMPracticeTests.xctest */,
				731241A129DD63EE0032F6F8 /* RxSwiftUIkitMVVMPracticeUITests.xctest */,
			);
			name = Products;
			sourceTree = "<group>";
		};
		7312418329DD63EB0032F6F8 /* RxSwiftUIkitMVVMPractice */ = {
			isa = PBXGroup;
			children = (
				736AE04B29F25E78003FC7D1 /* Global */,
				736AE04C29F25E89003FC7D1 /* Screens */,
				7312418429DD63EB0032F6F8 /* AppDelegate.swift */,
				7312418629DD63EB0032F6F8 /* SceneDelegate.swift */,
				7312418A29DD63EB0032F6F8 /* Main.storyboard */,
				7312418D29DD63ED0032F6F8 /* Assets.xcassets */,
				7312418F29DD63ED0032F6F8 /* LaunchScreen.storyboard */,
				7312419229DD63ED0032F6F8 /* Info.plist */,
				737DEF2229FA730B008C8EE0 /* GoogleService-Info.plist */,
			);
			path = RxSwiftUIkitMVVMPractice;
			sourceTree = "<group>";
		};
		7312419A29DD63EE0032F6F8 /* RxSwiftUIkitMVVMPracticeTests */ = {
			isa = PBXGroup;
			children = (
				7312419B29DD63EE0032F6F8 /* RxSwiftUIkitMVVMPracticeTests.swift */,
			);
			path = RxSwiftUIkitMVVMPracticeTests;
			sourceTree = "<group>";
		};
		731241A429DD63EE0032F6F8 /* RxSwiftUIkitMVVMPracticeUITests */ = {
			isa = PBXGroup;
			children = (
				731241A529DD63EE0032F6F8 /* RxSwiftUIkitMVVMPracticeUITests.swift */,
				731241A729DD63EE0032F6F8 /* RxSwiftUIkitMVVMPracticeUITestsLaunchTests.swift */,
			);
			path = RxSwiftUIkitMVVMPracticeUITests;
			sourceTree = "<group>";
		};
		731241B929DD6B0D0032F6F8 /* Services */ = {
			isa = PBXGroup;
			children = (
				731241BD29DD6BB50032F6F8 /* UpbitRestApiService.swift */,
			);
			path = Services;
			sourceTree = "<group>";
		};
		731241BA29DD6B3D0032F6F8 /* Models */ = {
			isa = PBXGroup;
			children = (
				731241BB29DD6B720032F6F8 /* Upbit.swift */,
			);
			path = Models;
			sourceTree = "<group>";
		};
		731241BF29DD70660032F6F8 /* Root */ = {
			isa = PBXGroup;
			children = (
				736AE04029EAF47E003FC7D1 /* Components */,
				731241C029DD70940032F6F8 /* Controllers */,
				731241C129DD70A40032F6F8 /* ViewModels */,
			);
			path = Root;
			sourceTree = "<group>";
		};
		731241C029DD70940032F6F8 /* Controllers */ = {
			isa = PBXGroup;
			children = (
				731241B529DD64910032F6F8 /* RootController.swift */,
			);
			path = Controllers;
			sourceTree = "<group>";
		};
		731241C129DD70A40032F6F8 /* ViewModels */ = {
			isa = PBXGroup;
			children = (
				731241C229DD70BB0032F6F8 /* RootViewModel.swift */,
				731241C729DD91A10032F6F8 /* TickerViewModel.swift */,
			);
			path = ViewModels;
			sourceTree = "<group>";
		};
		731241C929DD9C4E0032F6F8 /* Extensions */ = {
			isa = PBXGroup;
			children = (
				731241CA29DD9C5F0032F6F8 /* UIView.swift */,
			);
			path = Extensions;
			sourceTree = "<group>";
		};
		736AE04029EAF47E003FC7D1 /* Components */ = {
			isa = PBXGroup;
			children = (
				731241C529DD8EC30032F6F8 /* TickerCell.swift */,
				736AE03E29EAF094003FC7D1 /* RootHeader.swift */,
			);
			path = Components;
			sourceTree = "<group>";
		};
		736AE04B29F25E78003FC7D1 /* Global */ = {
			isa = PBXGroup;
			children = (
				731241B929DD6B0D0032F6F8 /* Services */,
				731241BA29DD6B3D0032F6F8 /* Models */,
				731241C929DD9C4E0032F6F8 /* Extensions */,
			);
			path = Global;
			sourceTree = "<group>";
		};
		736AE04C29F25E89003FC7D1 /* Screens */ = {
			isa = PBXGroup;
			children = (
				731241BF29DD70660032F6F8 /* Root */,
				736AE04F29F25F96003FC7D1 /* Chat */,
				736AE04E29F25F83003FC7D1 /* Profile */,
				736AE04D29F25F7D003FC7D1 /* Main */,
			);
			path = Screens;
			sourceTree = "<group>";
		};
		736AE04D29F25F7D003FC7D1 /* Main */ = {
			isa = PBXGroup;
			children = (
				736AE05029F25FA7003FC7D1 /* Controllers */,
			);
			path = Main;
			sourceTree = "<group>";
		};
		736AE04E29F25F83003FC7D1 /* Profile */ = {
			isa = PBXGroup;
			children = (
				736AE05129F25FCB003FC7D1 /* Components */,
				736AE05229F25FD7003FC7D1 /* Controllers */,
				736AE05329F25FE2003FC7D1 /* ViewModels */,
			);
			path = Profile;
			sourceTree = "<group>";
		};
		736AE04F29F25F96003FC7D1 /* Chat */ = {
			isa = PBXGroup;
			children = (
				736AE05529F25FF2003FC7D1 /* Components */,
				736AE05629F25FFD003FC7D1 /* Controllers */,
				736AE05729F26005003FC7D1 /* ViewModels */,
			);
			path = Chat;
			sourceTree = "<group>";
		};
		736AE05029F25FA7003FC7D1 /* Controllers */ = {
			isa = PBXGroup;
			children = (
				736AE05D29F260D9003FC7D1 /* MainTabController.swift */,
			);
			path = Controllers;
			sourceTree = "<group>";
		};
		736AE05129F25FCB003FC7D1 /* Components */ = {
			isa = PBXGroup;
			children = (
				736AE06129F3C322003FC7D1 /* ProfileHeader.swift */,
				736AE06729F3CB70003FC7D1 /* ProfileCell.swift */,
			);
			path = Components;
			sourceTree = "<group>";
		};
		736AE05229F25FD7003FC7D1 /* Controllers */ = {
			isa = PBXGroup;
			children = (
				736AE05B29F26075003FC7D1 /* ProfileController.swift */,
			);
			path = Controllers;
			sourceTree = "<group>";
		};
		736AE05329F25FE2003FC7D1 /* ViewModels */ = {
			isa = PBXGroup;
			children = (
				736AE06329F3C4B3003FC7D1 /* ProfileViewModel.swift */,
				736AE06529F3C4E5003FC7D1 /* ProfileHeaderViewModel.swift */,
			);
			path = ViewModels;
			sourceTree = "<group>";
		};
		736AE05529F25FF2003FC7D1 /* Components */ = {
			isa = PBXGroup;
			children = (
				736AE05F29F27753003FC7D1 /* ChatCell.swift */,
			);
			path = Components;
			sourceTree = "<group>";
		};
		736AE05629F25FFD003FC7D1 /* Controllers */ = {
			isa = PBXGroup;
			children = (
				736AE05929F26036003FC7D1 /* ChatController.swift */,
			);
			path = Controllers;
			sourceTree = "<group>";
		};
		736AE05729F26005003FC7D1 /* ViewModels */ = {
			isa = PBXGroup;
			children = (
			);
			path = ViewModels;
			sourceTree = "<group>";
		};
		BB86B1BC7257E57F4BDB6B4F /* Pods */ = {
			isa = PBXGroup;
			children = (
				8A3C5F49225026F06F928E8A /* Pods-RxSwiftUIkitMVVMPractice.debug.xcconfig */,
				97A3DBFCF8A0AF6DD95753EF /* Pods-RxSwiftUIkitMVVMPractice.release.xcconfig */,
				9B6BA3153C86FE2E09D593FE /* Pods-RxSwiftUIkitMVVMPractice-RxSwiftUIkitMVVMPracticeUITests.debug.xcconfig */,
				52DDD7722E41C73B91B9F361 /* Pods-RxSwiftUIkitMVVMPractice-RxSwiftUIkitMVVMPracticeUITests.release.xcconfig */,
				368D8ED61B69F8997C72426D /* Pods-RxSwiftUIkitMVVMPracticeTests.debug.xcconfig */,
				FB5362255B373B853F6263FE /* Pods-RxSwiftUIkitMVVMPracticeTests.release.xcconfig */,
			);
			path = Pods;
			sourceTree = "<group>";
		};
		C997AFDFD7368D2C8E2DC2B3 /* Frameworks */ = {
			isa = PBXGroup;
			children = (
				1C65A569A82B0645E12E4619 /* Pods_RxSwiftUIkitMVVMPractice.framework */,
				CE508362FCF79090B579111F /* Pods_RxSwiftUIkitMVVMPractice_RxSwiftUIkitMVVMPracticeUITests.framework */,
				475A5F4022ACCC2962B31E11 /* Pods_RxSwiftUIkitMVVMPracticeTests.framework */,
			);
			name = Frameworks;
			sourceTree = "<group>";
		};
/* End PBXGroup section */

/* Begin PBXNativeTarget section */
		7312418029DD63EB0032F6F8 /* RxSwiftUIkitMVVMPractice */ = {
			isa = PBXNativeTarget;
			buildConfigurationList = 731241AB29DD63EE0032F6F8 /* Build configuration list for PBXNativeTarget "RxSwiftUIkitMVVMPractice" */;
			buildPhases = (
				F4D711E92C7C38AB57CC3BF0 /* [CP] Check Pods Manifest.lock */,
				7312417D29DD63EB0032F6F8 /* Sources */,
				7312417E29DD63EB0032F6F8 /* Frameworks */,
				7312417F29DD63EB0032F6F8 /* Resources */,
				E5D8960A295AED88B71D9D0C /* [CP] Embed Pods Frameworks */,
			);
			buildRules = (
			);
			dependencies = (
			);
			name = RxSwiftUIkitMVVMPractice;
			packageProductDependencies = (
				737DEF2529FA739C008C8EE0 /* FirebaseAnalytics */,
				737DEF2729FA739C008C8EE0 /* FirebaseAuth */,
				737DEF2929FA739C008C8EE0 /* FirebaseDatabase */,
				737DEF2B29FA739C008C8EE0 /* FirebaseFirestore */,
				737DEF2D29FA739C008C8EE0 /* FirebaseMessaging */,
				737DEF2F29FA739C008C8EE0 /* FirebaseStorage */,
			);
			productName = RxSwiftUIkitMVVMPractice;
			productReference = 7312418129DD63EB0032F6F8 /* RxSwiftUIkitMVVMPractice.app */;
			productType = "com.apple.product-type.application";
		};
		7312419629DD63EE0032F6F8 /* RxSwiftUIkitMVVMPracticeTests */ = {
			isa = PBXNativeTarget;
			buildConfigurationList = 731241AE29DD63EE0032F6F8 /* Build configuration list for PBXNativeTarget "RxSwiftUIkitMVVMPracticeTests" */;
			buildPhases = (
				5284AEFEF76487151F7B4A15 /* [CP] Check Pods Manifest.lock */,
				7312419329DD63EE0032F6F8 /* Sources */,
				7312419429DD63EE0032F6F8 /* Frameworks */,
				7312419529DD63EE0032F6F8 /* Resources */,
			);
			buildRules = (
			);
			dependencies = (
				7312419929DD63EE0032F6F8 /* PBXTargetDependency */,
			);
			name = RxSwiftUIkitMVVMPracticeTests;
			productName = RxSwiftUIkitMVVMPracticeTests;
			productReference = 7312419729DD63EE0032F6F8 /* RxSwiftUIkitMVVMPracticeTests.xctest */;
			productType = "com.apple.product-type.bundle.unit-test";
		};
		731241A029DD63EE0032F6F8 /* RxSwiftUIkitMVVMPracticeUITests */ = {
			isa = PBXNativeTarget;
			buildConfigurationList = 731241B129DD63EE0032F6F8 /* Build configuration list for PBXNativeTarget "RxSwiftUIkitMVVMPracticeUITests" */;
			buildPhases = (
				996BF6FBE2A161DFAD0D5330 /* [CP] Check Pods Manifest.lock */,
				7312419D29DD63EE0032F6F8 /* Sources */,
				7312419E29DD63EE0032F6F8 /* Frameworks */,
				7312419F29DD63EE0032F6F8 /* Resources */,
				0D9D042B6AE323C27236EE3B /* [CP] Embed Pods Frameworks */,
			);
			buildRules = (
			);
			dependencies = (
				731241A329DD63EE0032F6F8 /* PBXTargetDependency */,
			);
			name = RxSwiftUIkitMVVMPracticeUITests;
			productName = RxSwiftUIkitMVVMPracticeUITests;
			productReference = 731241A129DD63EE0032F6F8 /* RxSwiftUIkitMVVMPracticeUITests.xctest */;
			productType = "com.apple.product-type.bundle.ui-testing";
		};
/* End PBXNativeTarget section */

/* Begin PBXProject section */
		7312417929DD63EB0032F6F8 /* Project object */ = {
			isa = PBXProject;
			attributes = {
				BuildIndependentTargetsInParallel = 1;
				LastSwiftUpdateCheck = 1430;
				LastUpgradeCheck = 1430;
				TargetAttributes = {
					7312418029DD63EB0032F6F8 = {
						CreatedOnToolsVersion = 14.3;
					};
					7312419629DD63EE0032F6F8 = {
						CreatedOnToolsVersion = 14.3;
						TestTargetID = 7312418029DD63EB0032F6F8;
					};
					731241A029DD63EE0032F6F8 = {
						CreatedOnToolsVersion = 14.3;
						TestTargetID = 7312418029DD63EB0032F6F8;
					};
				};
			};
			buildConfigurationList = 7312417C29DD63EB0032F6F8 /* Build configuration list for PBXProject "RxSwiftUIkitMVVMPractice" */;
			compatibilityVersion = "Xcode 14.0";
			developmentRegion = en;
			hasScannedForEncodings = 0;
			knownRegions = (
				en,
				Base,
			);
			mainGroup = 7312417829DD63EB0032F6F8;
			packageReferences = (
				737DEF2429FA739C008C8EE0 /* XCRemoteSwiftPackageReference "firebase-ios-sdk" */,
			);
			productRefGroup = 7312418229DD63EB0032F6F8 /* Products */;
			projectDirPath = "";
			projectRoot = "";
			targets = (
				7312418029DD63EB0032F6F8 /* RxSwiftUIkitMVVMPractice */,
				7312419629DD63EE0032F6F8 /* RxSwiftUIkitMVVMPracticeTests */,
				731241A029DD63EE0032F6F8 /* RxSwiftUIkitMVVMPracticeUITests */,
			);
		};
/* End PBXProject section */

/* Begin PBXResourcesBuildPhase section */
		7312417F29DD63EB0032F6F8 /* Resources */ = {
			isa = PBXResourcesBuildPhase;
			buildActionMask = 2147483647;
			files = (
				737DEF1C29FA6EC5008C8EE0 /* .gitignore in Resources */,
				7312419129DD63ED0032F6F8 /* LaunchScreen.storyboard in Resources */,
				737DEF2329FA730B008C8EE0 /* GoogleService-Info.plist in Resources */,
				7312418E29DD63ED0032F6F8 /* Assets.xcassets in Resources */,
				7312418C29DD63EB0032F6F8 /* Main.storyboard in Resources */,
			);
			runOnlyForDeploymentPostprocessing = 0;
		};
		7312419529DD63EE0032F6F8 /* Resources */ = {
			isa = PBXResourcesBuildPhase;
			buildActionMask = 2147483647;
			files = (
			);
			runOnlyForDeploymentPostprocessing = 0;
		};
		7312419F29DD63EE0032F6F8 /* Resources */ = {
			isa = PBXResourcesBuildPhase;
			buildActionMask = 2147483647;
			files = (
			);
			runOnlyForDeploymentPostprocessing = 0;
		};
/* End PBXResourcesBuildPhase section */

/* Begin PBXShellScriptBuildPhase section */
		0D9D042B6AE323C27236EE3B /* [CP] Embed Pods Frameworks */ = {
			isa = PBXShellScriptBuildPhase;
			buildActionMask = 2147483647;
			files = (
			);
			inputFileListPaths = (
				"${PODS_ROOT}/Target Support Files/Pods-RxSwiftUIkitMVVMPractice-RxSwiftUIkitMVVMPracticeUITests/Pods-RxSwiftUIkitMVVMPractice-RxSwiftUIkitMVVMPracticeUITests-frameworks-${CONFIGURATION}-input-files.xcfilelist",
			);
			name = "[CP] Embed Pods Frameworks";
			outputFileListPaths = (
				"${PODS_ROOT}/Target Support Files/Pods-RxSwiftUIkitMVVMPractice-RxSwiftUIkitMVVMPracticeUITests/Pods-RxSwiftUIkitMVVMPractice-RxSwiftUIkitMVVMPracticeUITests-frameworks-${CONFIGURATION}-output-files.xcfilelist",
			);
			runOnlyForDeploymentPostprocessing = 0;
			shellPath = /bin/sh;
			shellScript = "\"${PODS_ROOT}/Target Support Files/Pods-RxSwiftUIkitMVVMPractice-RxSwiftUIkitMVVMPracticeUITests/Pods-RxSwiftUIkitMVVMPractice-RxSwiftUIkitMVVMPracticeUITests-frameworks.sh\"\n";
			showEnvVarsInLog = 0;
		};
		5284AEFEF76487151F7B4A15 /* [CP] Check Pods Manifest.lock */ = {
			isa = PBXShellScriptBuildPhase;
			buildActionMask = 2147483647;
			files = (
			);
			inputFileListPaths = (
			);
			inputPaths = (
				"${PODS_PODFILE_DIR_PATH}/Podfile.lock",
				"${PODS_ROOT}/Manifest.lock",
			);
			name = "[CP] Check Pods Manifest.lock";
			outputFileListPaths = (
			);
			outputPaths = (
				"$(DERIVED_FILE_DIR)/Pods-RxSwiftUIkitMVVMPracticeTests-checkManifestLockResult.txt",
			);
			runOnlyForDeploymentPostprocessing = 0;
			shellPath = /bin/sh;
			shellScript = "diff \"${PODS_PODFILE_DIR_PATH}/Podfile.lock\" \"${PODS_ROOT}/Manifest.lock\" > /dev/null\nif [ $? != 0 ] ; then\n    # print error to STDERR\n    echo \"error: The sandbox is not in sync with the Podfile.lock. Run 'pod install' or update your CocoaPods installation.\" >&2\n    exit 1\nfi\n# This output is used by Xcode 'outputs' to avoid re-running this script phase.\necho \"SUCCESS\" > \"${SCRIPT_OUTPUT_FILE_0}\"\n";
			showEnvVarsInLog = 0;
		};
		996BF6FBE2A161DFAD0D5330 /* [CP] Check Pods Manifest.lock */ = {
			isa = PBXShellScriptBuildPhase;
			buildActionMask = 2147483647;
			files = (
			);
			inputFileListPaths = (
			);
			inputPaths = (
				"${PODS_PODFILE_DIR_PATH}/Podfile.lock",
				"${PODS_ROOT}/Manifest.lock",
			);
			name = "[CP] Check Pods Manifest.lock";
			outputFileListPaths = (
			);
			outputPaths = (
				"$(DERIVED_FILE_DIR)/Pods-RxSwiftUIkitMVVMPractice-RxSwiftUIkitMVVMPracticeUITests-checkManifestLockResult.txt",
			);
			runOnlyForDeploymentPostprocessing = 0;
			shellPath = /bin/sh;
			shellScript = "diff \"${PODS_PODFILE_DIR_PATH}/Podfile.lock\" \"${PODS_ROOT}/Manifest.lock\" > /dev/null\nif [ $? != 0 ] ; then\n    # print error to STDERR\n    echo \"error: The sandbox is not in sync with the Podfile.lock. Run 'pod install' or update your CocoaPods installation.\" >&2\n    exit 1\nfi\n# This output is used by Xcode 'outputs' to avoid re-running this script phase.\necho \"SUCCESS\" > \"${SCRIPT_OUTPUT_FILE_0}\"\n";
			showEnvVarsInLog = 0;
		};
		E5D8960A295AED88B71D9D0C /* [CP] Embed Pods Frameworks */ = {
			isa = PBXShellScriptBuildPhase;
			buildActionMask = 2147483647;
			files = (
			);
			inputFileListPaths = (
				"${PODS_ROOT}/Target Support Files/Pods-RxSwiftUIkitMVVMPractice/Pods-RxSwiftUIkitMVVMPractice-frameworks-${CONFIGURATION}-input-files.xcfilelist",
			);
			name = "[CP] Embed Pods Frameworks";
			outputFileListPaths = (
				"${PODS_ROOT}/Target Support Files/Pods-RxSwiftUIkitMVVMPractice/Pods-RxSwiftUIkitMVVMPractice-frameworks-${CONFIGURATION}-output-files.xcfilelist",
			);
			runOnlyForDeploymentPostprocessing = 0;
			shellPath = /bin/sh;
			shellScript = "\"${PODS_ROOT}/Target Support Files/Pods-RxSwiftUIkitMVVMPractice/Pods-RxSwiftUIkitMVVMPractice-frameworks.sh\"\n";
			showEnvVarsInLog = 0;
		};
		F4D711E92C7C38AB57CC3BF0 /* [CP] Check Pods Manifest.lock */ = {
			isa = PBXShellScriptBuildPhase;
			buildActionMask = 2147483647;
			files = (
			);
			inputFileListPaths = (
			);
			inputPaths = (
				"${PODS_PODFILE_DIR_PATH}/Podfile.lock",
				"${PODS_ROOT}/Manifest.lock",
			);
			name = "[CP] Check Pods Manifest.lock";
			outputFileListPaths = (
			);
			outputPaths = (
				"$(DERIVED_FILE_DIR)/Pods-RxSwiftUIkitMVVMPractice-checkManifestLockResult.txt",
			);
			runOnlyForDeploymentPostprocessing = 0;
			shellPath = /bin/sh;
			shellScript = "diff \"${PODS_PODFILE_DIR_PATH}/Podfile.lock\" \"${PODS_ROOT}/Manifest.lock\" > /dev/null\nif [ $? != 0 ] ; then\n    # print error to STDERR\n    echo \"error: The sandbox is not in sync with the Podfile.lock. Run 'pod install' or update your CocoaPods installation.\" >&2\n    exit 1\nfi\n# This output is used by Xcode 'outputs' to avoid re-running this script phase.\necho \"SUCCESS\" > \"${SCRIPT_OUTPUT_FILE_0}\"\n";
			showEnvVarsInLog = 0;
		};
/* End PBXShellScriptBuildPhase section */

/* Begin PBXSourcesBuildPhase section */
		7312417D29DD63EB0032F6F8 /* Sources */ = {
			isa = PBXSourcesBuildPhase;
			buildActionMask = 2147483647;
			files = (
				731241CB29DD9C5F0032F6F8 /* UIView.swift in Sources */,
				736AE03F29EAF094003FC7D1 /* RootHeader.swift in Sources */,
				736AE05E29F260D9003FC7D1 /* MainTabController.swift in Sources */,
				731241C329DD70BB0032F6F8 /* RootViewModel.swift in Sources */,
				731241BE29DD6BB50032F6F8 /* UpbitRestApiService.swift in Sources */,
				736AE05C29F26075003FC7D1 /* ProfileController.swift in Sources */,
				7312418529DD63EB0032F6F8 /* AppDelegate.swift in Sources */,
				736AE06029F27753003FC7D1 /* ChatCell.swift in Sources */,
				736AE06229F3C322003FC7D1 /* ProfileHeader.swift in Sources */,
				7312418729DD63EB0032F6F8 /* SceneDelegate.swift in Sources */,
				736AE06629F3C4E5003FC7D1 /* ProfileHeaderViewModel.swift in Sources */,
				731241C629DD8EC30032F6F8 /* TickerCell.swift in Sources */,
				731241C829DD91A10032F6F8 /* TickerViewModel.swift in Sources */,
				731241BC29DD6B720032F6F8 /* Upbit.swift in Sources */,
				731241B629DD64910032F6F8 /* RootController.swift in Sources */,
				736AE06829F3CB71003FC7D1 /* ProfileCell.swift in Sources */,
				736AE06429F3C4B3003FC7D1 /* ProfileViewModel.swift in Sources */,
				736AE05A29F26036003FC7D1 /* ChatController.swift in Sources */,
			);
			runOnlyForDeploymentPostprocessing = 0;
		};
		7312419329DD63EE0032F6F8 /* Sources */ = {
			isa = PBXSourcesBuildPhase;
			buildActionMask = 2147483647;
			files = (
				7312419C29DD63EE0032F6F8 /* RxSwiftUIkitMVVMPracticeTests.swift in Sources */,
			);
			runOnlyForDeploymentPostprocessing = 0;
		};
		7312419D29DD63EE0032F6F8 /* Sources */ = {
			isa = PBXSourcesBuildPhase;
			buildActionMask = 2147483647;
			files = (
				731241A829DD63EE0032F6F8 /* RxSwiftUIkitMVVMPracticeUITestsLaunchTests.swift in Sources */,
				731241A629DD63EE0032F6F8 /* RxSwiftUIkitMVVMPracticeUITests.swift in Sources */,
			);
			runOnlyForDeploymentPostprocessing = 0;
		};
/* End PBXSourcesBuildPhase section */

/* Begin PBXTargetDependency section */
		7312419929DD63EE0032F6F8 /* PBXTargetDependency */ = {
			isa = PBXTargetDependency;
			target = 7312418029DD63EB0032F6F8 /* RxSwiftUIkitMVVMPractice */;
			targetProxy = 7312419829DD63EE0032F6F8 /* PBXContainerItemProxy */;
		};
		731241A329DD63EE0032F6F8 /* PBXTargetDependency */ = {
			isa = PBXTargetDependency;
			target = 7312418029DD63EB0032F6F8 /* RxSwiftUIkitMVVMPractice */;
			targetProxy = 731241A229DD63EE0032F6F8 /* PBXContainerItemProxy */;
		};
/* End PBXTargetDependency section */

/* Begin PBXVariantGroup section */
		7312418A29DD63EB0032F6F8 /* Main.storyboard */ = {
			isa = PBXVariantGroup;
			children = (
				7312418B29DD63EB0032F6F8 /* Base */,
			);
			name = Main.storyboard;
			sourceTree = "<group>";
		};
		7312418F29DD63ED0032F6F8 /* LaunchScreen.storyboard */ = {
			isa = PBXVariantGroup;
			children = (
				7312419029DD63ED0032F6F8 /* Base */,
			);
			name = LaunchScreen.storyboard;
			sourceTree = "<group>";
		};
/* End PBXVariantGroup section */

/* Begin XCBuildConfiguration section */
		731241A929DD63EE0032F6F8 /* Debug */ = {
			isa = XCBuildConfiguration;
			buildSettings = {
				ALWAYS_SEARCH_USER_PATHS = NO;
				CLANG_ANALYZER_NONNULL = YES;
				CLANG_ANALYZER_NUMBER_OBJECT_CONVERSION = YES_AGGRESSIVE;
				CLANG_CXX_LANGUAGE_STANDARD = "gnu++20";
				CLANG_ENABLE_MODULES = YES;
				CLANG_ENABLE_OBJC_ARC = YES;
				CLANG_ENABLE_OBJC_WEAK = YES;
				CLANG_WARN_BLOCK_CAPTURE_AUTORELEASING = YES;
				CLANG_WARN_BOOL_CONVERSION = YES;
				CLANG_WARN_COMMA = YES;
				CLANG_WARN_CONSTANT_CONVERSION = YES;
				CLANG_WARN_DEPRECATED_OBJC_IMPLEMENTATIONS = YES;
				CLANG_WARN_DIRECT_OBJC_ISA_USAGE = YES_ERROR;
				CLANG_WARN_DOCUMENTATION_COMMENTS = YES;
				CLANG_WARN_EMPTY_BODY = YES;
				CLANG_WARN_ENUM_CONVERSION = YES;
				CLANG_WARN_INFINITE_RECURSION = YES;
				CLANG_WARN_INT_CONVERSION = YES;
				CLANG_WARN_NON_LITERAL_NULL_CONVERSION = YES;
				CLANG_WARN_OBJC_IMPLICIT_RETAIN_SELF = YES;
				CLANG_WARN_OBJC_LITERAL_CONVERSION = YES;
				CLANG_WARN_OBJC_ROOT_CLASS = YES_ERROR;
				CLANG_WARN_QUOTED_INCLUDE_IN_FRAMEWORK_HEADER = YES;
				CLANG_WARN_RANGE_LOOP_ANALYSIS = YES;
				CLANG_WARN_STRICT_PROTOTYPES = YES;
				CLANG_WARN_SUSPICIOUS_MOVE = YES;
				CLANG_WARN_UNGUARDED_AVAILABILITY = YES_AGGRESSIVE;
				CLANG_WARN_UNREACHABLE_CODE = YES;
				CLANG_WARN__DUPLICATE_METHOD_MATCH = YES;
				COPY_PHASE_STRIP = NO;
				DEBUG_INFORMATION_FORMAT = dwarf;
				ENABLE_STRICT_OBJC_MSGSEND = YES;
				ENABLE_TESTABILITY = YES;
				GCC_C_LANGUAGE_STANDARD = gnu11;
				GCC_DYNAMIC_NO_PIC = NO;
				GCC_NO_COMMON_BLOCKS = YES;
				GCC_OPTIMIZATION_LEVEL = 0;
				GCC_PREPROCESSOR_DEFINITIONS = (
					"DEBUG=1",
					"$(inherited)",
				);
				GCC_WARN_64_TO_32_BIT_CONVERSION = YES;
				GCC_WARN_ABOUT_RETURN_TYPE = YES_ERROR;
				GCC_WARN_UNDECLARED_SELECTOR = YES;
				GCC_WARN_UNINITIALIZED_AUTOS = YES_AGGRESSIVE;
				GCC_WARN_UNUSED_FUNCTION = YES;
				GCC_WARN_UNUSED_VARIABLE = YES;
				IPHONEOS_DEPLOYMENT_TARGET = 16.4;
				MTL_ENABLE_DEBUG_INFO = INCLUDE_SOURCE;
				MTL_FAST_MATH = YES;
				ONLY_ACTIVE_ARCH = YES;
				SDKROOT = iphoneos;
				SWIFT_ACTIVE_COMPILATION_CONDITIONS = DEBUG;
				SWIFT_OPTIMIZATION_LEVEL = "-Onone";
			};
			name = Debug;
		};
		731241AA29DD63EE0032F6F8 /* Release */ = {
			isa = XCBuildConfiguration;
			buildSettings = {
				ALWAYS_SEARCH_USER_PATHS = NO;
				CLANG_ANALYZER_NONNULL = YES;
				CLANG_ANALYZER_NUMBER_OBJECT_CONVERSION = YES_AGGRESSIVE;
				CLANG_CXX_LANGUAGE_STANDARD = "gnu++20";
				CLANG_ENABLE_MODULES = YES;
				CLANG_ENABLE_OBJC_ARC = YES;
				CLANG_ENABLE_OBJC_WEAK = YES;
				CLANG_WARN_BLOCK_CAPTURE_AUTORELEASING = YES;
				CLANG_WARN_BOOL_CONVERSION = YES;
				CLANG_WARN_COMMA = YES;
				CLANG_WARN_CONSTANT_CONVERSION = YES;
				CLANG_WARN_DEPRECATED_OBJC_IMPLEMENTATIONS = YES;
				CLANG_WARN_DIRECT_OBJC_ISA_USAGE = YES_ERROR;
				CLANG_WARN_DOCUMENTATION_COMMENTS = YES;
				CLANG_WARN_EMPTY_BODY = YES;
				CLANG_WARN_ENUM_CONVERSION = YES;
				CLANG_WARN_INFINITE_RECURSION = YES;
				CLANG_WARN_INT_CONVERSION = YES;
				CLANG_WARN_NON_LITERAL_NULL_CONVERSION = YES;
				CLANG_WARN_OBJC_IMPLICIT_RETAIN_SELF = YES;
				CLANG_WARN_OBJC_LITERAL_CONVERSION = YES;
				CLANG_WARN_OBJC_ROOT_CLASS = YES_ERROR;
				CLANG_WARN_QUOTED_INCLUDE_IN_FRAMEWORK_HEADER = YES;
				CLANG_WARN_RANGE_LOOP_ANALYSIS = YES;
				CLANG_WARN_STRICT_PROTOTYPES = YES;
				CLANG_WARN_SUSPICIOUS_MOVE = YES;
				CLANG_WARN_UNGUARDED_AVAILABILITY = YES_AGGRESSIVE;
				CLANG_WARN_UNREACHABLE_CODE = YES;
				CLANG_WARN__DUPLICATE_METHOD_MATCH = YES;
				COPY_PHASE_STRIP = NO;
				DEBUG_INFORMATION_FORMAT = "dwarf-with-dsym";
				ENABLE_NS_ASSERTIONS = NO;
				ENABLE_STRICT_OBJC_MSGSEND = YES;
				GCC_C_LANGUAGE_STANDARD = gnu11;
				GCC_NO_COMMON_BLOCKS = YES;
				GCC_WARN_64_TO_32_BIT_CONVERSION = YES;
				GCC_WARN_ABOUT_RETURN_TYPE = YES_ERROR;
				GCC_WARN_UNDECLARED_SELECTOR = YES;
				GCC_WARN_UNINITIALIZED_AUTOS = YES_AGGRESSIVE;
				GCC_WARN_UNUSED_FUNCTION = YES;
				GCC_WARN_UNUSED_VARIABLE = YES;
				IPHONEOS_DEPLOYMENT_TARGET = 16.4;
				MTL_ENABLE_DEBUG_INFO = NO;
				MTL_FAST_MATH = YES;
				SDKROOT = iphoneos;
				SWIFT_COMPILATION_MODE = wholemodule;
				SWIFT_OPTIMIZATION_LEVEL = "-O";
				VALIDATE_PRODUCT = YES;
			};
			name = Release;
		};
		731241AC29DD63EE0032F6F8 /* Debug */ = {
			isa = XCBuildConfiguration;
			baseConfigurationReference = 8A3C5F49225026F06F928E8A /* Pods-RxSwiftUIkitMVVMPractice.debug.xcconfig */;
			buildSettings = {
				ASSETCATALOG_COMPILER_APPICON_NAME = AppIcon;
				ASSETCATALOG_COMPILER_GLOBAL_ACCENT_COLOR_NAME = AccentColor;
				CODE_SIGN_STYLE = Automatic;
				CURRENT_PROJECT_VERSION = 1;
				DEVELOPMENT_TEAM = 7L7CZY9WNN;
				GENERATE_INFOPLIST_FILE = YES;
				INFOPLIST_FILE = RxSwiftUIkitMVVMPractice/Info.plist;
				INFOPLIST_KEY_UIApplicationSupportsIndirectInputEvents = YES;
				INFOPLIST_KEY_UILaunchStoryboardName = LaunchScreen;
				INFOPLIST_KEY_UIMainStoryboardFile = Main;
				INFOPLIST_KEY_UISupportedInterfaceOrientations_iPad = "UIInterfaceOrientationPortrait UIInterfaceOrientationPortraitUpsideDown UIInterfaceOrientationLandscapeLeft UIInterfaceOrientationLandscapeRight";
				INFOPLIST_KEY_UISupportedInterfaceOrientations_iPhone = "UIInterfaceOrientationPortrait UIInterfaceOrientationLandscapeLeft UIInterfaceOrientationLandscapeRight";
				IPHONEOS_DEPLOYMENT_TARGET = 15.0;
				LD_RUNPATH_SEARCH_PATHS = (
					"$(inherited)",
					"@executable_path/Frameworks",
				);
				MARKETING_VERSION = 1.0;
				PRODUCT_BUNDLE_IDENTIFIER = com.minwoo.RxSwiftUIkitMVVMPractice;
				PRODUCT_NAME = "$(TARGET_NAME)";
				SUPPORTED_PLATFORMS = "iphoneos iphonesimulator";
				SUPPORTS_MACCATALYST = NO;
				SUPPORTS_MAC_DESIGNED_FOR_IPHONE_IPAD = NO;
				SWIFT_EMIT_LOC_STRINGS = YES;
				SWIFT_VERSION = 5.0;
				TARGETED_DEVICE_FAMILY = 1;
			};
			name = Debug;
		};
		731241AD29DD63EE0032F6F8 /* Release */ = {
			isa = XCBuildConfiguration;
			baseConfigurationReference = 97A3DBFCF8A0AF6DD95753EF /* Pods-RxSwiftUIkitMVVMPractice.release.xcconfig */;
			buildSettings = {
				ASSETCATALOG_COMPILER_APPICON_NAME = AppIcon;
				ASSETCATALOG_COMPILER_GLOBAL_ACCENT_COLOR_NAME = AccentColor;
				CODE_SIGN_STYLE = Automatic;
				CURRENT_PROJECT_VERSION = 1;
				DEVELOPMENT_TEAM = 7L7CZY9WNN;
				GENERATE_INFOPLIST_FILE = YES;
				INFOPLIST_FILE = RxSwiftUIkitMVVMPractice/Info.plist;
				INFOPLIST_KEY_UIApplicationSupportsIndirectInputEvents = YES;
				INFOPLIST_KEY_UILaunchStoryboardName = LaunchScreen;
				INFOPLIST_KEY_UIMainStoryboardFile = Main;
				INFOPLIST_KEY_UISupportedInterfaceOrientations_iPad = "UIInterfaceOrientationPortrait UIInterfaceOrientationPortraitUpsideDown UIInterfaceOrientationLandscapeLeft UIInterfaceOrientationLandscapeRight";
				INFOPLIST_KEY_UISupportedInterfaceOrientations_iPhone = "UIInterfaceOrientationPortrait UIInterfaceOrientationLandscapeLeft UIInterfaceOrientationLandscapeRight";
				IPHONEOS_DEPLOYMENT_TARGET = 15.0;
				LD_RUNPATH_SEARCH_PATHS = (
					"$(inherited)",
					"@executable_path/Frameworks",
				);
				MARKETING_VERSION = 1.0;
				PRODUCT_BUNDLE_IDENTIFIER = com.minwoo.RxSwiftUIkitMVVMPractice;
				PRODUCT_NAME = "$(TARGET_NAME)";
				SUPPORTED_PLATFORMS = "iphoneos iphonesimulator";
				SUPPORTS_MACCATALYST = NO;
				SUPPORTS_MAC_DESIGNED_FOR_IPHONE_IPAD = NO;
				SWIFT_EMIT_LOC_STRINGS = YES;
				SWIFT_VERSION = 5.0;
				TARGETED_DEVICE_FAMILY = 1;
			};
			name = Release;
		};
		731241AF29DD63EE0032F6F8 /* Debug */ = {
			isa = XCBuildConfiguration;
			baseConfigurationReference = 368D8ED61B69F8997C72426D /* Pods-RxSwiftUIkitMVVMPracticeTests.debug.xcconfig */;
			buildSettings = {
				ALWAYS_EMBED_SWIFT_STANDARD_LIBRARIES = YES;
				BUNDLE_LOADER = "$(TEST_HOST)";
				CODE_SIGN_STYLE = Automatic;
				CURRENT_PROJECT_VERSION = 1;
				DEVELOPMENT_TEAM = 7L7CZY9WNN;
				GENERATE_INFOPLIST_FILE = YES;
				IPHONEOS_DEPLOYMENT_TARGET = 16.4;
				MARKETING_VERSION = 1.0;
				PRODUCT_BUNDLE_IDENTIFIER = com.minwoo.RxSwiftUIkitMVVMPracticeTests;
				PRODUCT_NAME = "$(TARGET_NAME)";
				SWIFT_EMIT_LOC_STRINGS = NO;
				SWIFT_VERSION = 5.0;
				TARGETED_DEVICE_FAMILY = "1,2";
				TEST_HOST = "$(BUILT_PRODUCTS_DIR)/RxSwiftUIkitMVVMPractice.app/$(BUNDLE_EXECUTABLE_FOLDER_PATH)/RxSwiftUIkitMVVMPractice";
			};
			name = Debug;
		};
		731241B029DD63EE0032F6F8 /* Release */ = {
			isa = XCBuildConfiguration;
			baseConfigurationReference = FB5362255B373B853F6263FE /* Pods-RxSwiftUIkitMVVMPracticeTests.release.xcconfig */;
			buildSettings = {
				ALWAYS_EMBED_SWIFT_STANDARD_LIBRARIES = YES;
				BUNDLE_LOADER = "$(TEST_HOST)";
				CODE_SIGN_STYLE = Automatic;
				CURRENT_PROJECT_VERSION = 1;
				DEVELOPMENT_TEAM = 7L7CZY9WNN;
				GENERATE_INFOPLIST_FILE = YES;
				IPHONEOS_DEPLOYMENT_TARGET = 16.4;
				MARKETING_VERSION = 1.0;
				PRODUCT_BUNDLE_IDENTIFIER = com.minwoo.RxSwiftUIkitMVVMPracticeTests;
				PRODUCT_NAME = "$(TARGET_NAME)";
				SWIFT_EMIT_LOC_STRINGS = NO;
				SWIFT_VERSION = 5.0;
				TARGETED_DEVICE_FAMILY = "1,2";
				TEST_HOST = "$(BUILT_PRODUCTS_DIR)/RxSwiftUIkitMVVMPractice.app/$(BUNDLE_EXECUTABLE_FOLDER_PATH)/RxSwiftUIkitMVVMPractice";
			};
			name = Release;
		};
		731241B229DD63EE0032F6F8 /* Debug */ = {
			isa = XCBuildConfiguration;
			baseConfigurationReference = 9B6BA3153C86FE2E09D593FE /* Pods-RxSwiftUIkitMVVMPractice-RxSwiftUIkitMVVMPracticeUITests.debug.xcconfig */;
			buildSettings = {
				ALWAYS_EMBED_SWIFT_STANDARD_LIBRARIES = YES;
				CODE_SIGN_STYLE = Automatic;
				CURRENT_PROJECT_VERSION = 1;
				DEVELOPMENT_TEAM = 7L7CZY9WNN;
				GENERATE_INFOPLIST_FILE = YES;
				MARKETING_VERSION = 1.0;
				PRODUCT_BUNDLE_IDENTIFIER = com.minwoo.RxSwiftUIkitMVVMPracticeUITests;
				PRODUCT_NAME = "$(TARGET_NAME)";
				SWIFT_EMIT_LOC_STRINGS = NO;
				SWIFT_VERSION = 5.0;
				TARGETED_DEVICE_FAMILY = "1,2";
				TEST_TARGET_NAME = RxSwiftUIkitMVVMPractice;
			};
			name = Debug;
		};
		731241B329DD63EE0032F6F8 /* Release */ = {
			isa = XCBuildConfiguration;
			baseConfigurationReference = 52DDD7722E41C73B91B9F361 /* Pods-RxSwiftUIkitMVVMPractice-RxSwiftUIkitMVVMPracticeUITests.release.xcconfig */;
			buildSettings = {
				ALWAYS_EMBED_SWIFT_STANDARD_LIBRARIES = YES;
				CODE_SIGN_STYLE = Automatic;
				CURRENT_PROJECT_VERSION = 1;
				DEVELOPMENT_TEAM = 7L7CZY9WNN;
				GENERATE_INFOPLIST_FILE = YES;
				MARKETING_VERSION = 1.0;
				PRODUCT_BUNDLE_IDENTIFIER = com.minwoo.RxSwiftUIkitMVVMPracticeUITests;
				PRODUCT_NAME = "$(TARGET_NAME)";
				SWIFT_EMIT_LOC_STRINGS = NO;
				SWIFT_VERSION = 5.0;
				TARGETED_DEVICE_FAMILY = "1,2";
				TEST_TARGET_NAME = RxSwiftUIkitMVVMPractice;
			};
			name = Release;
		};
/* End XCBuildConfiguration section */

/* Begin XCConfigurationList section */
		7312417C29DD63EB0032F6F8 /* Build configuration list for PBXProject "RxSwiftUIkitMVVMPractice" */ = {
			isa = XCConfigurationList;
			buildConfigurations = (
				731241A929DD63EE0032F6F8 /* Debug */,
				731241AA29DD63EE0032F6F8 /* Release */,
			);
			defaultConfigurationIsVisible = 0;
			defaultConfigurationName = Release;
		};
		731241AB29DD63EE0032F6F8 /* Build configuration list for PBXNativeTarget "RxSwiftUIkitMVVMPractice" */ = {
			isa = XCConfigurationList;
			buildConfigurations = (
				731241AC29DD63EE0032F6F8 /* Debug */,
				731241AD29DD63EE0032F6F8 /* Release */,
			);
			defaultConfigurationIsVisible = 0;
			defaultConfigurationName = Release;
		};
		731241AE29DD63EE0032F6F8 /* Build configuration list for PBXNativeTarget "RxSwiftUIkitMVVMPracticeTests" */ = {
			isa = XCConfigurationList;
			buildConfigurations = (
				731241AF29DD63EE0032F6F8 /* Debug */,
				731241B029DD63EE0032F6F8 /* Release */,
			);
			defaultConfigurationIsVisible = 0;
			defaultConfigurationName = Release;
		};
		731241B129DD63EE0032F6F8 /* Build configuration list for PBXNativeTarget "RxSwiftUIkitMVVMPracticeUITests" */ = {
			isa = XCConfigurationList;
			buildConfigurations = (
				731241B229DD63EE0032F6F8 /* Debug */,
				731241B329DD63EE0032F6F8 /* Release */,
			);
			defaultConfigurationIsVisible = 0;
			defaultConfigurationName = Release;
		};
/* End XCConfigurationList section */

/* Begin XCRemoteSwiftPackageReference section */
		737DEF2429FA739C008C8EE0 /* XCRemoteSwiftPackageReference "firebase-ios-sdk" */ = {
			isa = XCRemoteSwiftPackageReference;
			repositoryURL = "https://github.com/firebase/firebase-ios-sdk";
			requirement = {
				kind = upToNextMajorVersion;
				minimumVersion = 10.0.0;
			};
		};
/* End XCRemoteSwiftPackageReference section */

/* Begin XCSwiftPackageProductDependency section */
		737DEF2529FA739C008C8EE0 /* FirebaseAnalytics */ = {
			isa = XCSwiftPackageProductDependency;
			package = 737DEF2429FA739C008C8EE0 /* XCRemoteSwiftPackageReference "firebase-ios-sdk" */;
			productName = FirebaseAnalytics;
		};
		737DEF2729FA739C008C8EE0 /* FirebaseAuth */ = {
			isa = XCSwiftPackageProductDependency;
			package = 737DEF2429FA739C008C8EE0 /* XCRemoteSwiftPackageReference "firebase-ios-sdk" */;
			productName = FirebaseAuth;
		};
		737DEF2929FA739C008C8EE0 /* FirebaseDatabase */ = {
			isa = XCSwiftPackageProductDependency;
			package = 737DEF2429FA739C008C8EE0 /* XCRemoteSwiftPackageReference "firebase-ios-sdk" */;
			productName = FirebaseDatabase;
		};
		737DEF2B29FA739C008C8EE0 /* FirebaseFirestore */ = {
			isa = XCSwiftPackageProductDependency;
			package = 737DEF2429FA739C008C8EE0 /* XCRemoteSwiftPackageReference "firebase-ios-sdk" */;
			productName = FirebaseFirestore;
		};
		737DEF2D29FA739C008C8EE0 /* FirebaseMessaging */ = {
			isa = XCSwiftPackageProductDependency;
			package = 737DEF2429FA739C008C8EE0 /* XCRemoteSwiftPackageReference "firebase-ios-sdk" */;
			productName = FirebaseMessaging;
		};
		737DEF2F29FA739C008C8EE0 /* FirebaseStorage */ = {
			isa = XCSwiftPackageProductDependency;
			package = 737DEF2429FA739C008C8EE0 /* XCRemoteSwiftPackageReference "firebase-ios-sdk" */;
			productName = FirebaseStorage;
		};
/* End XCSwiftPackageProductDependency section */
	};
	rootObject = 7312417929DD63EB0032F6F8 /* Project object */;
}
