PODS:
  - Alamofire (5.6.4)
  - KakaoSDKAuth (2.15.0):
    - KakaoSDKCommon (= 2.15.0)
  - KakaoSDKCommon (2.15.0):
    - KakaoSDKCommon/Common (= 2.15.0)
    - KakaoSDKCommon/Network (= 2.15.0)
  - KakaoSDKCommon/Common (2.15.0)
  - KakaoSDKCommon/Network (2.15.0):
    - Alamofire (~> 5.1)
    - KakaoSDKCommon/Common (= 2.15.0)
  - KakaoSDKUser (2.15.0):
    - KakaoSDKAuth (= 2.15.0)
  - RxCocoa (6.5.0):
    - RxRelay (= 6.5.0)
    - RxSwift (= 6.5.0)
  - RxRelay (6.5.0):
    - RxSwift (= 6.5.0)
  - RxSwift (6.5.0)
  - SDWebImage (5.15.5):
    - SDWebImage/Core (= 5.15.5)
  - SDWebImage/Core (5.15.5)

DEPENDENCIES:
  - KakaoSDKAuth
  - KakaoSDKCommon
  - KakaoSDKUser
  - RxCocoa
  - RxSwift
  - SDWebImage

SPEC REPOS:
  trunk:
    - Alamofire
    - KakaoSDKAuth
    - KakaoSDKCommon
    - KakaoSDKUser
    - RxCocoa
    - RxRelay
    - RxSwift
    - SDWebImage

SPEC CHECKSUMS:
  Alamofire: 4e95d97098eacb88856099c4fc79b526a299e48c
  KakaoSDKAuth: 0fe5cf1756e8a9f66f8fc77826061aafa93034f3
  KakaoSDKCommon: 89d863b7f34398e6fb93a0acb28a204908551a39
  KakaoSDKUser: a997ca5c4c18ece2ab30646ff74841bc29d4399d
  RxCocoa: 94f817b71c07517321eb4f9ad299112ca8af743b
  RxRelay: 1de1523e604c72b6c68feadedd1af3b1b4d0ecbd
  RxSwift: 5710a9e6b17f3c3d6e40d6e559b9fa1e813b2ef8
  SDWebImage: fd7e1a22f00303e058058278639bf6196ee431fe

PODFILE CHECKSUM: 029f85ae5c281d053d2323c6501b7bbab86ee4c8

COCOAPODS: 1.12.0
